PODS:
  - Apollo (0.32.1):
    - Apollo/Core (= 0.32.1)
  - Apollo/Core (0.32.1)
  - Apollo/SQLite (0.32.1):
    - Apollo/Core
    - SQLite.swift (~> 0.12.2)
  - Kingfisher/Core (5.15.8)
  - Kingfisher/SwiftUI (5.15.8):
    - Kingfisher/Core
  - SQLite.swift (0.12.2):
    - SQLite.swift/standard (= 0.12.2)
  - SQLite.swift/standard (0.12.2)

DEPENDENCIES:
  - Apollo (~> 0.32.1)
  - Apollo/SQLite (~> 0.32.1)
  - Kingfisher/SwiftUI (~> 5.15.5)

SPEC REPOS:
  trunk:
    - Apollo
    - Kingfisher
    - SQLite.swift

SPEC CHECKSUMS:
  Apollo: 55d9a99774dd06dd6cc865d16a6c13d0d6804211
  Kingfisher: a3c03d702433fa6cfedabb2bddbe076fb8f2e902
  SQLite.swift: d2b4642190917051ce6bd1d49aab565fe794eea3

PODFILE CHECKSUM: 3f9cc889146b9861b97f05a9607069417d36b125

COCOAPODS: 1.10.1
