// !$*UTF8*$!
{
	archiveVersion = 1;
	classes = {
	};
	objectVersion = 51;
	objects = {

/* Begin PBXBuildFile section */
		44E03337C65ABC359A233E94 /* Pods_TEDxConnect.framework in Frameworks */ = {isa = PBXBuildFile; fileRef = B7FDE6D95D7B921766C172A0 /* Pods_TEDxConnect.framework */; };
		6D460C6D24DE7F3500F50DAF /* Network.swift in Sources */ = {isa = PBXBuildFile; fileRef = 6D460C6C24DE7F3500F50DAF /* Network.swift */; };
		6DC754D924DE6BD700F96518 /* AppDelegate.swift in Sources */ = {isa = PBXBuildFile; fileRef = 6DC754D824DE6BD700F96518 /* AppDelegate.swift */; };
		6DC754DB24DE6BD700F96518 /* SceneDelegate.swift in Sources */ = {isa = PBXBuildFile; fileRef = 6DC754DA24DE6BD700F96518 /* SceneDelegate.swift */; };
		6DC754DE24DE6BD700F96518 /* TEDxConnect.xcdatamodeld in Sources */ = {isa = PBXBuildFile; fileRef = 6DC754DC24DE6BD700F96518 /* TEDxConnect.xcdatamodeld */; };
		6DC754E024DE6BD700F96518 /* AppView.swift in Sources */ = {isa = PBXBuildFile; fileRef = 6DC754DF24DE6BD700F96518 /* AppView.swift */; };
		6DC754E224DE6BD900F96518 /* Assets.xcassets in Resources */ = {isa = PBXBuildFile; fileRef = 6DC754E124DE6BD900F96518 /* Assets.xcassets */; };
		6DC754E524DE6BD900F96518 /* Preview Assets.xcassets in Resources */ = {isa = PBXBuildFile; fileRef = 6DC754E424DE6BD900F96518 /* Preview Assets.xcassets */; };
		6DC754E824DE6BD900F96518 /* LaunchScreen.storyboard in Resources */ = {isa = PBXBuildFile; fileRef = 6DC754E624DE6BD900F96518 /* LaunchScreen.storyboard */; };
		6DD9718224F8D0D70044D596 /* News.swift in Sources */ = {isa = PBXBuildFile; fileRef = 6DD9718124F8D0D70044D596 /* News.swift */; };
		6DD9718424F8D20D0044D596 /* NewsRepository.swift in Sources */ = {isa = PBXBuildFile; fileRef = 6DD9718324F8D20D0044D596 /* NewsRepository.swift */; };
		6DD9718824F8D2740044D596 /* NewsView.swift in Sources */ = {isa = PBXBuildFile; fileRef = 6DD9718724F8D2740044D596 /* NewsView.swift */; };
		6DD9718A24F8D2C20044D596 /* NewsViewModel.swift in Sources */ = {isa = PBXBuildFile; fileRef = 6DD9718924F8D2C20044D596 /* NewsViewModel.swift */; };
		6DD9718E24F8D74F0044D596 /* schema.json in Resources */ = {isa = PBXBuildFile; fileRef = 6DD9718D24F8D74F0044D596 /* schema.json */; };
		6DD9719024F8EBE30044D596 /* NewsCardView.swift in Sources */ = {isa = PBXBuildFile; fileRef = 6DD9718F24F8EBE30044D596 /* NewsCardView.swift */; };
		6DD9719224F8EFE80044D596 /* Localizable.strings in Resources */ = {isa = PBXBuildFile; fileRef = 6DD9719124F8EFE80044D596 /* Localizable.strings */; };
		6DD9719824F8F9600044D596 /* NavigationBarModifier.swift in Sources */ = {isa = PBXBuildFile; fileRef = 6DD9719724F8F9600044D596 /* NavigationBarModifier.swift */; };
		6DD9719B24F8FA700044D596 /* Color+Extension.swift in Sources */ = {isa = PBXBuildFile; fileRef = 6DD9719A24F8FA700044D596 /* Color+Extension.swift */; };
		6DD9719D24F8FB180044D596 /* View+Extension.swift in Sources */ = {isa = PBXBuildFile; fileRef = 6DD9719C24F8FB180044D596 /* View+Extension.swift */; };
		6DE7CEE524E120BA00910DF7 /* API.swift in Sources */ = {isa = PBXBuildFile; fileRef = 6DE7CEE424E120BA00910DF7 /* API.swift */; };
		6DFB0D5724E11CC900353416 /* Queries.graphql in Resources */ = {isa = PBXBuildFile; fileRef = 6DFB0D5624E11CC900353416 /* Queries.graphql */; };
/* End PBXBuildFile section */

/* Begin PBXFileReference section */
		6D460C6C24DE7F3500F50DAF /* Network.swift */ = {isa = PBXFileReference; lastKnownFileType = sourcecode.swift; path = Network.swift; sourceTree = "<group>"; };
		6DC754D524DE6BD700F96518 /* TEDxConnect.app */ = {isa = PBXFileReference; explicitFileType = wrapper.application; includeInIndex = 0; path = TEDxConnect.app; sourceTree = BUILT_PRODUCTS_DIR; };
		6DC754D824DE6BD700F96518 /* AppDelegate.swift */ = {isa = PBXFileReference; lastKnownFileType = sourcecode.swift; path = AppDelegate.swift; sourceTree = "<group>"; };
		6DC754DA24DE6BD700F96518 /* SceneDelegate.swift */ = {isa = PBXFileReference; lastKnownFileType = sourcecode.swift; path = SceneDelegate.swift; sourceTree = "<group>"; };
		6DC754DD24DE6BD700F96518 /* TEDxConnect.xcdatamodel */ = {isa = PBXFileReference; lastKnownFileType = wrapper.xcdatamodel; path = TEDxConnect.xcdatamodel; sourceTree = "<group>"; };
		6DC754DF24DE6BD700F96518 /* AppView.swift */ = {isa = PBXFileReference; lastKnownFileType = sourcecode.swift; name = AppView.swift; path = "../New Group/AppView.swift"; sourceTree = "<group>"; };
		6DC754E124DE6BD900F96518 /* Assets.xcassets */ = {isa = PBXFileReference; lastKnownFileType = folder.assetcatalog; path = Assets.xcassets; sourceTree = "<group>"; };
		6DC754E424DE6BD900F96518 /* Preview Assets.xcassets */ = {isa = PBXFileReference; lastKnownFileType = folder.assetcatalog; path = "Preview Assets.xcassets"; sourceTree = "<group>"; };
		6DC754E724DE6BD900F96518 /* Base */ = {isa = PBXFileReference; lastKnownFileType = file.storyboard; name = Base; path = Base.lproj/LaunchScreen.storyboard; sourceTree = "<group>"; };
		6DC754E924DE6BD900F96518 /* Info.plist */ = {isa = PBXFileReference; lastKnownFileType = text.plist.xml; path = Info.plist; sourceTree = "<group>"; };
		6DD9718124F8D0D70044D596 /* News.swift */ = {isa = PBXFileReference; lastKnownFileType = sourcecode.swift; path = News.swift; sourceTree = "<group>"; };
		6DD9718324F8D20D0044D596 /* NewsRepository.swift */ = {isa = PBXFileReference; lastKnownFileType = sourcecode.swift; path = NewsRepository.swift; sourceTree = "<group>"; };
		6DD9718724F8D2740044D596 /* NewsView.swift */ = {isa = PBXFileReference; lastKnownFileType = sourcecode.swift; path = NewsView.swift; sourceTree = "<group>"; };
		6DD9718924F8D2C20044D596 /* NewsViewModel.swift */ = {isa = PBXFileReference; lastKnownFileType = sourcecode.swift; path = NewsViewModel.swift; sourceTree = "<group>"; };
		6DD9718D24F8D74F0044D596 /* schema.json */ = {isa = PBXFileReference; fileEncoding = 4; lastKnownFileType = text.json; path = schema.json; sourceTree = "<group>"; };
		6DD9718F24F8EBE30044D596 /* NewsCardView.swift */ = {isa = PBXFileReference; lastKnownFileType = sourcecode.swift; path = NewsCardView.swift; sourceTree = "<group>"; };
		6DD9719124F8EFE80044D596 /* Localizable.strings */ = {isa = PBXFileReference; lastKnownFileType = text.plist.strings; path = Localizable.strings; sourceTree = "<group>"; };
		6DD9719724F8F9600044D596 /* NavigationBarModifier.swift */ = {isa = PBXFileReference; lastKnownFileType = sourcecode.swift; path = NavigationBarModifier.swift; sourceTree = "<group>"; };
		6DD9719A24F8FA700044D596 /* Color+Extension.swift */ = {isa = PBXFileReference; lastKnownFileType = sourcecode.swift; path = "Color+Extension.swift"; sourceTree = "<group>"; };
		6DD9719C24F8FB180044D596 /* View+Extension.swift */ = {isa = PBXFileReference; lastKnownFileType = sourcecode.swift; path = "View+Extension.swift"; sourceTree = "<group>"; };
		6DE7CEE424E120BA00910DF7 /* API.swift */ = {isa = PBXFileReference; fileEncoding = 4; lastKnownFileType = sourcecode.swift; path = API.swift; sourceTree = "<group>"; };
		6DFB0D5624E11CC900353416 /* Queries.graphql */ = {isa = PBXFileReference; lastKnownFileType = text; path = Queries.graphql; sourceTree = "<group>"; };
		747CD5FF7D5F26B645079232 /* Pods-TEDxConnect.release.xcconfig */ = {isa = PBXFileReference; includeInIndex = 1; lastKnownFileType = text.xcconfig; name = "Pods-TEDxConnect.release.xcconfig"; path = "Target Support Files/Pods-TEDxConnect/Pods-TEDxConnect.release.xcconfig"; sourceTree = "<group>"; };
		B7FDE6D95D7B921766C172A0 /* Pods_TEDxConnect.framework */ = {isa = PBXFileReference; explicitFileType = wrapper.framework; includeInIndex = 0; path = Pods_TEDxConnect.framework; sourceTree = BUILT_PRODUCTS_DIR; };
		F37A51473AD1ED9E8959A852 /* Pods-TEDxConnect.debug.xcconfig */ = {isa = PBXFileReference; includeInIndex = 1; lastKnownFileType = text.xcconfig; name = "Pods-TEDxConnect.debug.xcconfig"; path = "Target Support Files/Pods-TEDxConnect/Pods-TEDxConnect.debug.xcconfig"; sourceTree = "<group>"; };
/* End PBXFileReference section */

/* Begin PBXFrameworksBuildPhase section */
		6DC754D224DE6BD700F96518 /* Frameworks */ = {
			isa = PBXFrameworksBuildPhase;
			buildActionMask = 2147483647;
			files = (
				44E03337C65ABC359A233E94 /* Pods_TEDxConnect.framework in Frameworks */,
			);
			runOnlyForDeploymentPostprocessing = 0;
		};
/* End PBXFrameworksBuildPhase section */

/* Begin PBXGroup section */
		0CCC391DA23E7AB0EF549177 /* Pods */ = {
			isa = PBXGroup;
			children = (
				F37A51473AD1ED9E8959A852 /* Pods-TEDxConnect.debug.xcconfig */,
				747CD5FF7D5F26B645079232 /* Pods-TEDxConnect.release.xcconfig */,
			);
			path = Pods;
			sourceTree = "<group>";
		};
		6DC754CC24DE6BD600F96518 = {
			isa = PBXGroup;
			children = (
				6DC754D724DE6BD700F96518 /* TEDxConnect */,
				6DC754D624DE6BD700F96518 /* Products */,
				0CCC391DA23E7AB0EF549177 /* Pods */,
				A03718C07224C4A1D620D7A1 /* Frameworks */,
			);
			sourceTree = "<group>";
		};
		6DC754D624DE6BD700F96518 /* Products */ = {
			isa = PBXGroup;
			children = (
				6DC754D524DE6BD700F96518 /* TEDxConnect.app */,
			);
			name = Products;
			sourceTree = "<group>";
		};
		6DC754D724DE6BD700F96518 /* TEDxConnect */ = {
			isa = PBXGroup;
			children = (
				6DC754D824DE6BD700F96518 /* AppDelegate.swift */,
				6DC754DA24DE6BD700F96518 /* SceneDelegate.swift */,
				6D460C6C24DE7F3500F50DAF /* Network.swift */,
				6DD9719924F8FA5E0044D596 /* Extensions */,
				6DE7CEE824E120E700910DF7 /* Model */,
				6DE7CEEB24E1217B00910DF7 /* Repository */,
				6DE7CEEE24E122D700910DF7 /* ViewModel */,
				6DE7CEF124E1237900910DF7 /* View */,
				6DC754E124DE6BD900F96518 /* Assets.xcassets */,
				6DC754E624DE6BD900F96518 /* LaunchScreen.storyboard */,
				6DC754E924DE6BD900F96518 /* Info.plist */,
				6DC754DC24DE6BD700F96518 /* TEDxConnect.xcdatamodeld */,
				6DD9719124F8EFE80044D596 /* Localizable.strings */,
				6DC754E324DE6BD900F96518 /* Preview Content */,
				6DFB0D5624E11CC900353416 /* Queries.graphql */,
				6DD9718D24F8D74F0044D596 /* schema.json */,
				6DE7CEE424E120BA00910DF7 /* API.swift */,
			);
			path = TEDxConnect;
			sourceTree = "<group>";
		};
		6DC754E324DE6BD900F96518 /* Preview Content */ = {
			isa = PBXGroup;
			children = (
				6DC754E424DE6BD900F96518 /* Preview Assets.xcassets */,
			);
			path = "Preview Content";
			sourceTree = "<group>";
		};
		6DD9719324F8F0CF0044D596 /* News */ = {
			isa = PBXGroup;
			children = (
				6DD9718724F8D2740044D596 /* NewsView.swift */,
				6DD9718F24F8EBE30044D596 /* NewsCardView.swift */,
			);
			path = News;
			sourceTree = "<group>";
		};
		6DD9719624F8F4B20044D596 /* Custom Modifiers */ = {
			isa = PBXGroup;
			children = (
				6DD9719724F8F9600044D596 /* NavigationBarModifier.swift */,
			);
			path = "Custom Modifiers";
			sourceTree = "<group>";
		};
		6DD9719924F8FA5E0044D596 /* Extensions */ = {
			isa = PBXGroup;
			children = (
				6DD9719C24F8FB180044D596 /* View+Extension.swift */,
				6DD9719A24F8FA700044D596 /* Color+Extension.swift */,
			);
			path = Extensions;
			sourceTree = "<group>";
		};
		6DE7CEE824E120E700910DF7 /* Model */ = {
			isa = PBXGroup;
			children = (
				6DD9718124F8D0D70044D596 /* News.swift */,
			);
			path = Model;
			sourceTree = "<group>";
		};
		6DE7CEEB24E1217B00910DF7 /* Repository */ = {
			isa = PBXGroup;
			children = (
				6DD9718324F8D20D0044D596 /* NewsRepository.swift */,
			);
			path = Repository;
			sourceTree = "<group>";
		};
		6DE7CEEE24E122D700910DF7 /* ViewModel */ = {
			isa = PBXGroup;
			children = (
				6DD9718924F8D2C20044D596 /* NewsViewModel.swift */,
			);
			path = ViewModel;
			sourceTree = "<group>";
		};
		6DE7CEF124E1237900910DF7 /* View */ = {
			isa = PBXGroup;
			children = (
				6DC754DF24DE6BD700F96518 /* AppView.swift */,
				6DD9719324F8F0CF0044D596 /* News */,
				6DD9719624F8F4B20044D596 /* Custom Modifiers */,
			);
			path = View;
			sourceTree = "<group>";
		};
		A03718C07224C4A1D620D7A1 /* Frameworks */ = {
			isa = PBXGroup;
			children = (
				B7FDE6D95D7B921766C172A0 /* Pods_TEDxConnect.framework */,
			);
			name = Frameworks;
			sourceTree = "<group>";
		};
/* End PBXGroup section */

/* Begin PBXNativeTarget section */
		6DC754D424DE6BD700F96518 /* TEDxConnect */ = {
			isa = PBXNativeTarget;
			buildConfigurationList = 6DC754EC24DE6BD900F96518 /* Build configuration list for PBXNativeTarget "TEDxConnect" */;
			buildPhases = (
				35979F964DBC28FBD481266C /* [CP] Check Pods Manifest.lock */,
				6D4FAC6624DE7B1D002202D9 /* Generate Apollo GraphQL API */,
				6DC754D124DE6BD700F96518 /* Sources */,
				6DC754D224DE6BD700F96518 /* Frameworks */,
				6DC754D324DE6BD700F96518 /* Resources */,
				72D2A2C688982A0307BABDE0 /* [CP] Embed Pods Frameworks */,
			);
			buildRules = (
			);
			dependencies = (
			);
			name = TEDxConnect;
			packageProductDependencies = (
			);
			productName = TEDxConnect;
			productReference = 6DC754D524DE6BD700F96518 /* TEDxConnect.app */;
			productType = "com.apple.product-type.application";
		};
/* End PBXNativeTarget section */

/* Begin PBXProject section */
		6DC754CD24DE6BD600F96518 /* Project object */ = {
			isa = PBXProject;
			attributes = {
				LastSwiftUpdateCheck = 1150;
				LastUpgradeCheck = 1150;
				ORGANIZATIONNAME = Alexani;
				TargetAttributes = {
					6DC754D424DE6BD700F96518 = {
						CreatedOnToolsVersion = 11.5;
					};
				};
			};
			buildConfigurationList = 6DC754D024DE6BD600F96518 /* Build configuration list for PBXProject "TEDxConnect" */;
			compatibilityVersion = "Xcode 9.3";
			developmentRegion = en;
			hasScannedForEncodings = 0;
			knownRegions = (
				en,
				Base,
			);
			mainGroup = 6DC754CC24DE6BD600F96518;
			packageReferences = (
			);
			productRefGroup = 6DC754D624DE6BD700F96518 /* Products */;
			projectDirPath = "";
			projectRoot = "";
			targets = (
				6DC754D424DE6BD700F96518 /* TEDxConnect */,
			);
		};
/* End PBXProject section */

/* Begin PBXResourcesBuildPhase section */
		6DC754D324DE6BD700F96518 /* Resources */ = {
			isa = PBXResourcesBuildPhase;
			buildActionMask = 2147483647;
			files = (
				6DFB0D5724E11CC900353416 /* Queries.graphql in Resources */,
				6DD9719224F8EFE80044D596 /* Localizable.strings in Resources */,
				6DD9718E24F8D74F0044D596 /* schema.json in Resources */,
				6DC754E824DE6BD900F96518 /* LaunchScreen.storyboard in Resources */,
				6DC754E524DE6BD900F96518 /* Preview Assets.xcassets in Resources */,
				6DC754E224DE6BD900F96518 /* Assets.xcassets in Resources */,
			);
			runOnlyForDeploymentPostprocessing = 0;
		};
/* End PBXResourcesBuildPhase section */

/* Begin PBXShellScriptBuildPhase section */
		35979F964DBC28FBD481266C /* [CP] Check Pods Manifest.lock */ = {
			isa = PBXShellScriptBuildPhase;
			buildActionMask = 2147483647;
			files = (
			);
			inputFileListPaths = (
			);
			inputPaths = (
				"${PODS_PODFILE_DIR_PATH}/Podfile.lock",
				"${PODS_ROOT}/Manifest.lock",
			);
			name = "[CP] Check Pods Manifest.lock";
			outputFileListPaths = (
			);
			outputPaths = (
				"$(DERIVED_FILE_DIR)/Pods-TEDxConnect-checkManifestLockResult.txt",
			);
			runOnlyForDeploymentPostprocessing = 0;
			shellPath = /bin/sh;
			shellScript = "diff \"${PODS_PODFILE_DIR_PATH}/Podfile.lock\" \"${PODS_ROOT}/Manifest.lock\" > /dev/null\nif [ $? != 0 ] ; then\n    # print error to STDERR\n    echo \"error: The sandbox is not in sync with the Podfile.lock. Run 'pod install' or update your CocoaPods installation.\" >&2\n    exit 1\nfi\n# This output is used by Xcode 'outputs' to avoid re-running this script phase.\necho \"SUCCESS\" > \"${SCRIPT_OUTPUT_FILE_0}\"\n";
			showEnvVarsInLog = 0;
		};
		6D4FAC6624DE7B1D002202D9 /* Generate Apollo GraphQL API */ = {
			isa = PBXShellScriptBuildPhase;
			buildActionMask = 2147483647;
			files = (
			);
			inputFileListPaths = (
			);
			inputPaths = (
			);
			name = "Generate Apollo GraphQL API";
			outputFileListPaths = (
			);
			outputPaths = (
			);
			runOnlyForDeploymentPostprocessing = 0;
			shellPath = /bin/sh;
			shellScript = "SCRIPT_PATH=\"${PODS_ROOT}/Apollo/scripts\"\ncd \"${SRCROOT}/${TARGET_NAME}\"\n\"${SCRIPT_PATH}\"/run-bundled-codegen.sh codegen:generate --target=swift --includes=./**/*.graphql --localSchemaFile=\"schema.json\" API.swift\n";
		};
		72D2A2C688982A0307BABDE0 /* [CP] Embed Pods Frameworks */ = {
			isa = PBXShellScriptBuildPhase;
			buildActionMask = 2147483647;
			files = (
			);
			inputFileListPaths = (
				"${PODS_ROOT}/Target Support Files/Pods-TEDxConnect/Pods-TEDxConnect-frameworks-${CONFIGURATION}-input-files.xcfilelist",
			);
			name = "[CP] Embed Pods Frameworks";
			outputFileListPaths = (
				"${PODS_ROOT}/Target Support Files/Pods-TEDxConnect/Pods-TEDxConnect-frameworks-${CONFIGURATION}-output-files.xcfilelist",
			);
			runOnlyForDeploymentPostprocessing = 0;
			shellPath = /bin/sh;
			shellScript = "\"${PODS_ROOT}/Target Support Files/Pods-TEDxConnect/Pods-TEDxConnect-frameworks.sh\"\n";
			showEnvVarsInLog = 0;
		};
/* End PBXShellScriptBuildPhase section */

/* Begin PBXSourcesBuildPhase section */
		6DC754D124DE6BD700F96518 /* Sources */ = {
			isa = PBXSourcesBuildPhase;
			buildActionMask = 2147483647;
			files = (
				6D460C6D24DE7F3500F50DAF /* Network.swift in Sources */,
				6DC754DE24DE6BD700F96518 /* TEDxConnect.xcdatamodeld in Sources */,
				6DD9719824F8F9600044D596 /* NavigationBarModifier.swift in Sources */,
				6DC754D924DE6BD700F96518 /* AppDelegate.swift in Sources */,
				6DD9718824F8D2740044D596 /* NewsView.swift in Sources */,
				6DC754E024DE6BD700F96518 /* AppView.swift in Sources */,
				6DD9718A24F8D2C20044D596 /* NewsViewModel.swift in Sources */,
				6DE7CEE524E120BA00910DF7 /* API.swift in Sources */,
				6DD9718224F8D0D70044D596 /* News.swift in Sources */,
				6DD9718424F8D20D0044D596 /* NewsRepository.swift in Sources */,
				6DD9719024F8EBE30044D596 /* NewsCardView.swift in Sources */,
				6DC754DB24DE6BD700F96518 /* SceneDelegate.swift in Sources */,
				6DD9719D24F8FB180044D596 /* View+Extension.swift in Sources */,
				6DD9719B24F8FA700044D596 /* Color+Extension.swift in Sources */,
			);
			runOnlyForDeploymentPostprocessing = 0;
		};
/* End PBXSourcesBuildPhase section */

/* Begin PBXVariantGroup section */
		6DC754E624DE6BD900F96518 /* LaunchScreen.storyboard */ = {
			isa = PBXVariantGroup;
			children = (
				6DC754E724DE6BD900F96518 /* Base */,
			);
			name = LaunchScreen.storyboard;
			sourceTree = "<group>";
		};
/* End PBXVariantGroup section */

/* Begin XCBuildConfiguration section */
		6DC754EA24DE6BD900F96518 /* Debug */ = {
			isa = XCBuildConfiguration;
			buildSettings = {
				ALWAYS_SEARCH_USER_PATHS = NO;
				CLANG_ANALYZER_NONNULL = YES;
				CLANG_ANALYZER_NUMBER_OBJECT_CONVERSION = YES_AGGRESSIVE;
				CLANG_CXX_LANGUAGE_STANDARD = "gnu++14";
				CLANG_CXX_LIBRARY = "libc++";
				CLANG_ENABLE_MODULES = YES;
				CLANG_ENABLE_OBJC_ARC = YES;
				CLANG_ENABLE_OBJC_WEAK = YES;
				CLANG_WARN_BLOCK_CAPTURE_AUTORELEASING = YES;
				CLANG_WARN_BOOL_CONVERSION = YES;
				CLANG_WARN_COMMA = YES;
				CLANG_WARN_CONSTANT_CONVERSION = YES;
				CLANG_WARN_DEPRECATED_OBJC_IMPLEMENTATIONS = YES;
				CLANG_WARN_DIRECT_OBJC_ISA_USAGE = YES_ERROR;
				CLANG_WARN_DOCUMENTATION_COMMENTS = YES;
				CLANG_WARN_EMPTY_BODY = YES;
				CLANG_WARN_ENUM_CONVERSION = YES;
				CLANG_WARN_INFINITE_RECURSION = YES;
				CLANG_WARN_INT_CONVERSION = YES;
				CLANG_WARN_NON_LITERAL_NULL_CONVERSION = YES;
				CLANG_WARN_OBJC_IMPLICIT_RETAIN_SELF = YES;
				CLANG_WARN_OBJC_LITERAL_CONVERSION = YES;
				CLANG_WARN_OBJC_ROOT_CLASS = YES_ERROR;
				CLANG_WARN_RANGE_LOOP_ANALYSIS = YES;
				CLANG_WARN_STRICT_PROTOTYPES = YES;
				CLANG_WARN_SUSPICIOUS_MOVE = YES;
				CLANG_WARN_UNGUARDED_AVAILABILITY = YES_AGGRESSIVE;
				CLANG_WARN_UNREACHABLE_CODE = YES;
				CLANG_WARN__DUPLICATE_METHOD_MATCH = YES;
				COPY_PHASE_STRIP = NO;
				DEBUG_INFORMATION_FORMAT = dwarf;
				ENABLE_STRICT_OBJC_MSGSEND = YES;
				ENABLE_TESTABILITY = YES;
				GCC_C_LANGUAGE_STANDARD = gnu11;
				GCC_DYNAMIC_NO_PIC = NO;
				GCC_NO_COMMON_BLOCKS = YES;
				GCC_OPTIMIZATION_LEVEL = 0;
				GCC_PREPROCESSOR_DEFINITIONS = (
					"DEBUG=1",
					"$(inherited)",
				);
				GCC_WARN_64_TO_32_BIT_CONVERSION = YES;
				GCC_WARN_ABOUT_RETURN_TYPE = YES_ERROR;
				GCC_WARN_UNDECLARED_SELECTOR = YES;
				GCC_WARN_UNINITIALIZED_AUTOS = YES_AGGRESSIVE;
				GCC_WARN_UNUSED_FUNCTION = YES;
				GCC_WARN_UNUSED_VARIABLE = YES;
				IPHONEOS_DEPLOYMENT_TARGET = 13.5;
				MTL_ENABLE_DEBUG_INFO = INCLUDE_SOURCE;
				MTL_FAST_MATH = YES;
				ONLY_ACTIVE_ARCH = YES;
				SDKROOT = iphoneos;
				SWIFT_ACTIVE_COMPILATION_CONDITIONS = DEBUG;
				SWIFT_OPTIMIZATION_LEVEL = "-Onone";
			};
			name = Debug;
		};
		6DC754EB24DE6BD900F96518 /* Release */ = {
			isa = XCBuildConfiguration;
			buildSettings = {
				ALWAYS_SEARCH_USER_PATHS = NO;
				CLANG_ANALYZER_NONNULL = YES;
				CLANG_ANALYZER_NUMBER_OBJECT_CONVERSION = YES_AGGRESSIVE;
				CLANG_CXX_LANGUAGE_STANDARD = "gnu++14";
				CLANG_CXX_LIBRARY = "libc++";
				CLANG_ENABLE_MODULES = YES;
				CLANG_ENABLE_OBJC_ARC = YES;
				CLANG_ENABLE_OBJC_WEAK = YES;
				CLANG_WARN_BLOCK_CAPTURE_AUTORELEASING = YES;
				CLANG_WARN_BOOL_CONVERSION = YES;
				CLANG_WARN_COMMA = YES;
				CLANG_WARN_CONSTANT_CONVERSION = YES;
				CLANG_WARN_DEPRECATED_OBJC_IMPLEMENTATIONS = YES;
				CLANG_WARN_DIRECT_OBJC_ISA_USAGE = YES_ERROR;
				CLANG_WARN_DOCUMENTATION_COMMENTS = YES;
				CLANG_WARN_EMPTY_BODY = YES;
				CLANG_WARN_ENUM_CONVERSION = YES;
				CLANG_WARN_INFINITE_RECURSION = YES;
				CLANG_WARN_INT_CONVERSION = YES;
				CLANG_WARN_NON_LITERAL_NULL_CONVERSION = YES;
				CLANG_WARN_OBJC_IMPLICIT_RETAIN_SELF = YES;
				CLANG_WARN_OBJC_LITERAL_CONVERSION = YES;
				CLANG_WARN_OBJC_ROOT_CLASS = YES_ERROR;
				CLANG_WARN_RANGE_LOOP_ANALYSIS = YES;
				CLANG_WARN_STRICT_PROTOTYPES = YES;
				CLANG_WARN_SUSPICIOUS_MOVE = YES;
				CLANG_WARN_UNGUARDED_AVAILABILITY = YES_AGGRESSIVE;
				CLANG_WARN_UNREACHABLE_CODE = YES;
				CLANG_WARN__DUPLICATE_METHOD_MATCH = YES;
				COPY_PHASE_STRIP = NO;
				DEBUG_INFORMATION_FORMAT = "dwarf-with-dsym";
				ENABLE_NS_ASSERTIONS = NO;
				ENABLE_STRICT_OBJC_MSGSEND = YES;
				GCC_C_LANGUAGE_STANDARD = gnu11;
				GCC_NO_COMMON_BLOCKS = YES;
				GCC_WARN_64_TO_32_BIT_CONVERSION = YES;
				GCC_WARN_ABOUT_RETURN_TYPE = YES_ERROR;
				GCC_WARN_UNDECLARED_SELECTOR = YES;
				GCC_WARN_UNINITIALIZED_AUTOS = YES_AGGRESSIVE;
				GCC_WARN_UNUSED_FUNCTION = YES;
				GCC_WARN_UNUSED_VARIABLE = YES;
				IPHONEOS_DEPLOYMENT_TARGET = 13.5;
				MTL_ENABLE_DEBUG_INFO = NO;
				MTL_FAST_MATH = YES;
				SDKROOT = iphoneos;
				SWIFT_COMPILATION_MODE = wholemodule;
				SWIFT_OPTIMIZATION_LEVEL = "-O";
				VALIDATE_PRODUCT = YES;
			};
			name = Release;
		};
		6DC754ED24DE6BD900F96518 /* Debug */ = {
			isa = XCBuildConfiguration;
			baseConfigurationReference = F37A51473AD1ED9E8959A852 /* Pods-TEDxConnect.debug.xcconfig */;
			buildSettings = {
				ASSETCATALOG_COMPILER_APPICON_NAME = AppIcon;
				CODE_SIGN_STYLE = Automatic;
				DEVELOPMENT_ASSET_PATHS = "\"TEDxConnect/Preview Content\"";
				DEVELOPMENT_TEAM = XU385D6UF5;
				ENABLE_PREVIEWS = YES;
				INFOPLIST_FILE = TEDxConnect/Info.plist;
				LD_RUNPATH_SEARCH_PATHS = (
					"$(inherited)",
					"@executable_path/Frameworks",
				);
				PRODUCT_BUNDLE_IDENTIFIER = com.Alexani.TEDxConnect;
				PRODUCT_NAME = "$(TARGET_NAME)";
				SWIFT_VERSION = 5.0;
				TARGETED_DEVICE_FAMILY = "1,2";
			};
			name = Debug;
		};
		6DC754EE24DE6BD900F96518 /* Release */ = {
			isa = XCBuildConfiguration;
			baseConfigurationReference = 747CD5FF7D5F26B645079232 /* Pods-TEDxConnect.release.xcconfig */;
			buildSettings = {
				ASSETCATALOG_COMPILER_APPICON_NAME = AppIcon;
				CODE_SIGN_STYLE = Automatic;
				DEVELOPMENT_ASSET_PATHS = "\"TEDxConnect/Preview Content\"";
				DEVELOPMENT_TEAM = XU385D6UF5;
				ENABLE_PREVIEWS = YES;
				INFOPLIST_FILE = TEDxConnect/Info.plist;
				LD_RUNPATH_SEARCH_PATHS = (
					"$(inherited)",
					"@executable_path/Frameworks",
				);
				PRODUCT_BUNDLE_IDENTIFIER = com.Alexani.TEDxConnect;
				PRODUCT_NAME = "$(TARGET_NAME)";
				SWIFT_VERSION = 5.0;
				TARGETED_DEVICE_FAMILY = "1,2";
			};
			name = Release;
		};
/* End XCBuildConfiguration section */

/* Begin XCConfigurationList section */
		6DC754D024DE6BD600F96518 /* Build configuration list for PBXProject "TEDxConnect" */ = {
			isa = XCConfigurationList;
			buildConfigurations = (
				6DC754EA24DE6BD900F96518 /* Debug */,
				6DC754EB24DE6BD900F96518 /* Release */,
			);
			defaultConfigurationIsVisible = 0;
			defaultConfigurationName = Release;
		};
		6DC754EC24DE6BD900F96518 /* Build configuration list for PBXNativeTarget "TEDxConnect" */ = {
			isa = XCConfigurationList;
			buildConfigurations = (
				6DC754ED24DE6BD900F96518 /* Debug */,
				6DC754EE24DE6BD900F96518 /* Release */,
			);
			defaultConfigurationIsVisible = 0;
			defaultConfigurationName = Release;
		};
/* End XCConfigurationList section */

/* Begin XCVersionGroup section */
		6DC754DC24DE6BD700F96518 /* TEDxConnect.xcdatamodeld */ = {
			isa = XCVersionGroup;
			children = (
				6DC754DD24DE6BD700F96518 /* TEDxConnect.xcdatamodel */,
			);
			currentVersion = 6DC754DD24DE6BD700F96518 /* TEDxConnect.xcdatamodel */;
			path = TEDxConnect.xcdatamodeld;
			sourceTree = "<group>";
			versionGroupType = wrapper.xcdatamodel;
		};
/* End XCVersionGroup section */
	};
	rootObject = 6DC754CD24DE6BD600F96518 /* Project object */;
}
