// !$*UTF8*$!
{
	archiveVersion = 1;
	classes = {
	};
	objectVersion = 51;
	objects = {

/* Begin PBXBuildFile section */
		0BB375CB27197EEF0043AF24 /* UITextFieldExtensions.swift in Sources */ = {isa = PBXBuildFile; fileRef = 0BB375CA27197EEF0043AF24 /* UITextFieldExtensions.swift */; };
		0BB375CF2719C9560043AF24 /* TagView.swift in Sources */ = {isa = PBXBuildFile; fileRef = 0BB375CE2719C9560043AF24 /* TagView.swift */; };
		0BB375D12719CE1C0043AF24 /* PlaceHolder.swift in Sources */ = {isa = PBXBuildFile; fileRef = 0BB375D02719CE1C0043AF24 /* PlaceHolder.swift */; };
		0BB375D32719D3170043AF24 /* TextView.swift in Sources */ = {isa = PBXBuildFile; fileRef = 0BB375D22719D3170043AF24 /* TextView.swift */; };
		6D1325B424FE658F00FFA202 /* PhotoRepository.swift in Sources */ = {isa = PBXBuildFile; fileRef = 6D1325B324FE658F00FFA202 /* PhotoRepository.swift */; };
		6D1325B624FE65C100FFA202 /* Photo.swift in Sources */ = {isa = PBXBuildFile; fileRef = 6D1325B524FE65C100FFA202 /* Photo.swift */; };
		6D1325B824FE65D200FFA202 /* PhotoViewModel.swift in Sources */ = {isa = PBXBuildFile; fileRef = 6D1325B724FE65D200FFA202 /* PhotoViewModel.swift */; };
		6D1325BC24FE706400FFA202 /* DateHelper.swift in Sources */ = {isa = PBXBuildFile; fileRef = 6D1325BB24FE706400FFA202 /* DateHelper.swift */; };
		6D3B48FD25289D9A0002EBF8 /* schema.json in Resources */ = {isa = PBXBuildFile; fileRef = 6D3B48FC25289D9A0002EBF8 /* schema.json */; };
		6D3B49012528A1040002EBF8 /* SpeakersView.swift in Sources */ = {isa = PBXBuildFile; fileRef = 6D3B49002528A1040002EBF8 /* SpeakersView.swift */; };
		6D3B49072528A1340002EBF8 /* Speaker.swift in Sources */ = {isa = PBXBuildFile; fileRef = 6D3B49062528A1340002EBF8 /* Speaker.swift */; };
		6D3B490B2528A1880002EBF8 /* SpeakerRepository.swift in Sources */ = {isa = PBXBuildFile; fileRef = 6D3B490A2528A1880002EBF8 /* SpeakerRepository.swift */; };
		6D3B49102528A24C0002EBF8 /* SpeakerViewModel.swift in Sources */ = {isa = PBXBuildFile; fileRef = 6D3B490F2528A24C0002EBF8 /* SpeakerViewModel.swift */; };
		6D3B49152528AB1F0002EBF8 /* Sponsor.swift in Sources */ = {isa = PBXBuildFile; fileRef = 6D3B49142528AB1F0002EBF8 /* Sponsor.swift */; };
		6D3B49192528ABCC0002EBF8 /* SponsorRepository.swift in Sources */ = {isa = PBXBuildFile; fileRef = 6D3B49182528ABCC0002EBF8 /* SponsorRepository.swift */; };
		6D3B491D2528AC2E0002EBF8 /* SponsorViewModel.swift in Sources */ = {isa = PBXBuildFile; fileRef = 6D3B491C2528AC2E0002EBF8 /* SponsorViewModel.swift */; };
		6D3B49202528AC4D0002EBF8 /* SponsorsView.swift in Sources */ = {isa = PBXBuildFile; fileRef = 6D3B491F2528AC4D0002EBF8 /* SponsorsView.swift */; };
		6D3B49252528B1AF0002EBF8 /* SponsorsRow.swift in Sources */ = {isa = PBXBuildFile; fileRef = 6D3B49242528B1AF0002EBF8 /* SponsorsRow.swift */; };
		6D3B49292528B20E0002EBF8 /* SponsorCell.swift in Sources */ = {isa = PBXBuildFile; fileRef = 6D3B49282528B20E0002EBF8 /* SponsorCell.swift */; };
		6D3B49302528BBD20002EBF8 /* SpeakerDetailView.swift in Sources */ = {isa = PBXBuildFile; fileRef = 6D3B492F2528BBD20002EBF8 /* SpeakerDetailView.swift */; };
		6D3B49342528BD130002EBF8 /* ErrorView.swift in Sources */ = {isa = PBXBuildFile; fileRef = 6D3B49332528BD130002EBF8 /* ErrorView.swift */; };
		6D3B495D2529B1EB0002EBF8 /* WebView.swift in Sources */ = {isa = PBXBuildFile; fileRef = 6D3B495C2529B1EB0002EBF8 /* WebView.swift */; };
		6D3B49602529B2470002EBF8 /* WebViewSheet.swift in Sources */ = {isa = PBXBuildFile; fileRef = 6D3B495F2529B2470002EBF8 /* WebViewSheet.swift */; };
		6D460C6D24DE7F3500F50DAF /* Network.swift in Sources */ = {isa = PBXBuildFile; fileRef = 6D460C6C24DE7F3500F50DAF /* Network.swift */; };
		6D8CE96A25011B8000F47ADF /* CustomButton.swift in Sources */ = {isa = PBXBuildFile; fileRef = 6D8CE96925011B8000F47ADF /* CustomButton.swift */; };
		6D8CE96F2501237A00F47ADF /* ImagePlaceholder.swift in Sources */ = {isa = PBXBuildFile; fileRef = 6D8CE96E2501237A00F47ADF /* ImagePlaceholder.swift */; };
		6D8CE97125012AB700F47ADF /* Colors.xcassets in Resources */ = {isa = PBXBuildFile; fileRef = 6D8CE97025012AB700F47ADF /* Colors.xcassets */; };
		6D8CE973250204A600F47ADF /* Day.swift in Sources */ = {isa = PBXBuildFile; fileRef = 6D8CE972250204A600F47ADF /* Day.swift */; };
		6D8CE9752502057200F47ADF /* DayRepository.swift in Sources */ = {isa = PBXBuildFile; fileRef = 6D8CE9742502057200F47ADF /* DayRepository.swift */; };
		6D8CE9772502059D00F47ADF /* DayViewModel.swift in Sources */ = {isa = PBXBuildFile; fileRef = 6D8CE9762502059D00F47ADF /* DayViewModel.swift */; };
		6D8CE979250206AD00F47ADF /* TimeTableView.swift in Sources */ = {isa = PBXBuildFile; fileRef = 6D8CE978250206AD00F47ADF /* TimeTableView.swift */; };
		6D8CE97D25020E3500F47ADF /* SessionHeaderView.swift in Sources */ = {isa = PBXBuildFile; fileRef = 6D8CE97C25020E3500F47ADF /* SessionHeaderView.swift */; };
		6D8CE97F25020ED200F47ADF /* SectionView.swift in Sources */ = {isa = PBXBuildFile; fileRef = 6D8CE97E25020ED200F47ADF /* SectionView.swift */; };
		6DAA3CE32502102C006528DB /* DayHeaderView.swift in Sources */ = {isa = PBXBuildFile; fileRef = 6DAA3CE22502102C006528DB /* DayHeaderView.swift */; };
		6DAA3CE52502255A006528DB /* EmptyListView.swift in Sources */ = {isa = PBXBuildFile; fileRef = 6DAA3CE42502255A006528DB /* EmptyListView.swift */; };
		6DC0A45524FBCD1D00CE535B /* About.swift in Sources */ = {isa = PBXBuildFile; fileRef = 6DC0A45424FBCD1D00CE535B /* About.swift */; };
		6DC0A45724FBCDCE00CE535B /* AboutRepository.swift in Sources */ = {isa = PBXBuildFile; fileRef = 6DC0A45624FBCDCE00CE535B /* AboutRepository.swift */; };
		6DC0A45924FBCE6D00CE535B /* AboutViewModel.swift in Sources */ = {isa = PBXBuildFile; fileRef = 6DC0A45824FBCE6D00CE535B /* AboutViewModel.swift */; };
		6DC0A45C24FBCE9B00CE535B /* AboutView.swift in Sources */ = {isa = PBXBuildFile; fileRef = 6DC0A45B24FBCE9B00CE535B /* AboutView.swift */; };
		6DC0A45E24FBD01C00CE535B /* AboutDetailView.swift in Sources */ = {isa = PBXBuildFile; fileRef = 6DC0A45D24FBD01C00CE535B /* AboutDetailView.swift */; };
		6DC754D924DE6BD700F96518 /* AppDelegate.swift in Sources */ = {isa = PBXBuildFile; fileRef = 6DC754D824DE6BD700F96518 /* AppDelegate.swift */; };
		6DC754DB24DE6BD700F96518 /* SceneDelegate.swift in Sources */ = {isa = PBXBuildFile; fileRef = 6DC754DA24DE6BD700F96518 /* SceneDelegate.swift */; };
		6DC754E224DE6BD900F96518 /* Assets.xcassets in Resources */ = {isa = PBXBuildFile; fileRef = 6DC754E124DE6BD900F96518 /* Assets.xcassets */; };
		6DC754E524DE6BD900F96518 /* Preview Assets.xcassets in Resources */ = {isa = PBXBuildFile; fileRef = 6DC754E424DE6BD900F96518 /* Preview Assets.xcassets */; };
		6DC754E824DE6BD900F96518 /* LaunchScreen.storyboard in Resources */ = {isa = PBXBuildFile; fileRef = 6DC754E624DE6BD900F96518 /* LaunchScreen.storyboard */; };
		6DCFBC5724F93D4F005103E5 /* GalleryCardView.swift in Sources */ = {isa = PBXBuildFile; fileRef = 6DCFBC5624F93D4F005103E5 /* GalleryCardView.swift */; };
		6DCFBC5924F94190005103E5 /* ImageOverlay.swift in Sources */ = {isa = PBXBuildFile; fileRef = 6DCFBC5824F94190005103E5 /* ImageOverlay.swift */; };
		6DCFBC5B24F941A5005103E5 /* GalleryDetailView.swift in Sources */ = {isa = PBXBuildFile; fileRef = 6DCFBC5A24F941A5005103E5 /* GalleryDetailView.swift */; };
		6DCFBC6124FA4540005103E5 /* AppView.swift in Sources */ = {isa = PBXBuildFile; fileRef = 6DCFBC6024FA453F005103E5 /* AppView.swift */; };
		6DCFBC6924FA45F7005103E5 /* GridStack.swift in Sources */ = {isa = PBXBuildFile; fileRef = 6DCFBC6624FA45F7005103E5 /* GridStack.swift */; };
		6DCFBC6A24FA45F7005103E5 /* GridCalculator.swift in Sources */ = {isa = PBXBuildFile; fileRef = 6DCFBC6724FA45F7005103E5 /* GridCalculator.swift */; };
		6DCFBC6B24FA45F7005103E5 /* Array+chunked.swift in Sources */ = {isa = PBXBuildFile; fileRef = 6DCFBC6824FA45F7005103E5 /* Array+chunked.swift */; };
		6DCFBC6F24FA47C2005103E5 /* Shabnam-Bold-FD.ttf in Resources */ = {isa = PBXBuildFile; fileRef = 6DCFBC6D24FA47C1005103E5 /* Shabnam-Bold-FD.ttf */; };
		6DCFBC7024FA47C2005103E5 /* Shabnam-FD.ttf in Resources */ = {isa = PBXBuildFile; fileRef = 6DCFBC6E24FA47C2005103E5 /* Shabnam-FD.ttf */; };
		6DCFBC7224FA48E5005103E5 /* CustomFont.swift in Sources */ = {isa = PBXBuildFile; fileRef = 6DCFBC7124FA48E5005103E5 /* CustomFont.swift */; };
		6DCFBC7424FA4FD8005103E5 /* Configuration.swift in Sources */ = {isa = PBXBuildFile; fileRef = 6DCFBC7324FA4FD8005103E5 /* Configuration.swift */; };
		6DD067F02509EDBA008BBC08 /* Talk.swift in Sources */ = {isa = PBXBuildFile; fileRef = 6DD067EF2509EDBA008BBC08 /* Talk.swift */; };
		6DD067F42509EECC008BBC08 /* TalkRepository.swift in Sources */ = {isa = PBXBuildFile; fileRef = 6DD067F32509EECC008BBC08 /* TalkRepository.swift */; };
		6DD067F62509EF8E008BBC08 /* TalkViewModel.swift in Sources */ = {isa = PBXBuildFile; fileRef = 6DD067F52509EF8E008BBC08 /* TalkViewModel.swift */; };
		6DD067F92509EFCD008BBC08 /* TalksView.swift in Sources */ = {isa = PBXBuildFile; fileRef = 6DD067F82509EFCD008BBC08 /* TalksView.swift */; };
		6DD067FB2509F0D6008BBC08 /* TalkRow.swift in Sources */ = {isa = PBXBuildFile; fileRef = 6DD067FA2509F0D6008BBC08 /* TalkRow.swift */; };
		6DD067FD2509F132008BBC08 /* TalkWithEvent.swift in Sources */ = {isa = PBXBuildFile; fileRef = 6DD067FC2509F132008BBC08 /* TalkWithEvent.swift */; };
		6DD067FF2509F26A008BBC08 /* TalkCell.swift in Sources */ = {isa = PBXBuildFile; fileRef = 6DD067FE2509F26A008BBC08 /* TalkCell.swift */; };
		6DD068012509FA49008BBC08 /* FeaturedTalkRepository.swift in Sources */ = {isa = PBXBuildFile; fileRef = 6DD068002509FA49008BBC08 /* FeaturedTalkRepository.swift */; };
		6DD068032509FAC7008BBC08 /* FeaturedTalkViewModel.swift in Sources */ = {isa = PBXBuildFile; fileRef = 6DD068022509FAC7008BBC08 /* FeaturedTalkViewModel.swift */; };
		6DD068052509FCD8008BBC08 /* FeaturedTalkView.swift in Sources */ = {isa = PBXBuildFile; fileRef = 6DD068042509FCD7008BBC08 /* FeaturedTalkView.swift */; };
		6DD06807250A06DE008BBC08 /* TalkDetailView.swift in Sources */ = {isa = PBXBuildFile; fileRef = 6DD06806250A06DE008BBC08 /* TalkDetailView.swift */; };
		6DD06809250A098F008BBC08 /* TalkDetail.swift in Sources */ = {isa = PBXBuildFile; fileRef = 6DD06808250A098F008BBC08 /* TalkDetail.swift */; };
		6DD0680B250A0B71008BBC08 /* TalkDetailRepository.swift in Sources */ = {isa = PBXBuildFile; fileRef = 6DD0680A250A0B71008BBC08 /* TalkDetailRepository.swift */; };
		6DD0680D250A0C0B008BBC08 /* TalkDetailViewModel.swift in Sources */ = {isa = PBXBuildFile; fileRef = 6DD0680C250A0C0B008BBC08 /* TalkDetailViewModel.swift */; };
		6DD12DB52519CE980055D611 /* Localizable.strings in Resources */ = {isa = PBXBuildFile; fileRef = 6DD12DB72519CE980055D611 /* Localizable.strings */; };
		6DD12DC52519D9CE0055D611 /* White.png in Resources */ = {isa = PBXBuildFile; fileRef = 6DD12DBC2519D9CC0055D611 /* White.png */; };
		6DD12DC62519D9CE0055D611 /* White@3x.png in Resources */ = {isa = PBXBuildFile; fileRef = 6DD12DBD2519D9CD0055D611 /* White@3x.png */; };
		6DD12DC82519D9CE0055D611 /* Black.png in Resources */ = {isa = PBXBuildFile; fileRef = 6DD12DBF2519D9CD0055D611 /* Black.png */; };
		6DD12DCA2519D9CE0055D611 /* White@2x.png in Resources */ = {isa = PBXBuildFile; fileRef = 6DD12DC12519D9CE0055D611 /* White@2x.png */; };
		6DD12DCB2519D9CE0055D611 /* Black@3x.png in Resources */ = {isa = PBXBuildFile; fileRef = 6DD12DC22519D9CE0055D611 /* Black@3x.png */; };
		6DD12DCC2519D9CE0055D611 /* Black@2x.png in Resources */ = {isa = PBXBuildFile; fileRef = 6DD12DC32519D9CE0055D611 /* Black@2x.png */; };
		6DD12DD02519DC2F0055D611 /* SettingsView.swift in Sources */ = {isa = PBXBuildFile; fileRef = 6DD12DCF2519DC2F0055D611 /* SettingsView.swift */; };
		6DD12DEB2519E78E0055D611 /* IconNames.swift in Sources */ = {isa = PBXBuildFile; fileRef = 6DD12DEA2519E78E0055D611 /* IconNames.swift */; };
		6DD12DEE2519E79D0055D611 /* ToggleModel.swift in Sources */ = {isa = PBXBuildFile; fileRef = 6DD12DED2519E79D0055D611 /* ToggleModel.swift */; };
		6DD9718224F8D0D70044D596 /* News.swift in Sources */ = {isa = PBXBuildFile; fileRef = 6DD9718124F8D0D70044D596 /* News.swift */; };
		6DD9718424F8D20D0044D596 /* NewsRepository.swift in Sources */ = {isa = PBXBuildFile; fileRef = 6DD9718324F8D20D0044D596 /* NewsRepository.swift */; };
		6DD9718824F8D2740044D596 /* NewsView.swift in Sources */ = {isa = PBXBuildFile; fileRef = 6DD9718724F8D2740044D596 /* NewsView.swift */; };
		6DD9718A24F8D2C20044D596 /* NewsViewModel.swift in Sources */ = {isa = PBXBuildFile; fileRef = 6DD9718924F8D2C20044D596 /* NewsViewModel.swift */; };
		6DD9719024F8EBE30044D596 /* NewsCardView.swift in Sources */ = {isa = PBXBuildFile; fileRef = 6DD9718F24F8EBE30044D596 /* NewsCardView.swift */; };
		6DD9719824F8F9600044D596 /* NavigationBarModifier.swift in Sources */ = {isa = PBXBuildFile; fileRef = 6DD9719724F8F9600044D596 /* NavigationBarModifier.swift */; };
		6DD9719D24F8FB180044D596 /* View+Extension.swift in Sources */ = {isa = PBXBuildFile; fileRef = 6DD9719C24F8FB180044D596 /* View+Extension.swift */; };
		6DDAEABD251DC8370008CCEE /* TabBar.swift in Sources */ = {isa = PBXBuildFile; fileRef = 6DDAEABC251DC8370008CCEE /* TabBar.swift */; };
		6DDAEAC0251DC8DE0008CCEE /* EventView.swift in Sources */ = {isa = PBXBuildFile; fileRef = 6DDAEABF251DC8DE0008CCEE /* EventView.swift */; };
		6DDAEAC4251DCB630008CCEE /* TabBarButton.swift in Sources */ = {isa = PBXBuildFile; fileRef = 6DDAEAC3251DCB630008CCEE /* TabBarButton.swift */; };
		6DE7940F24F938BF00CEEE0E /* GalleryView.swift in Sources */ = {isa = PBXBuildFile; fileRef = 6DE7940E24F938BF00CEEE0E /* GalleryView.swift */; };
		6DE7941124F939A500CEEE0E /* Album.swift in Sources */ = {isa = PBXBuildFile; fileRef = 6DE7941024F939A500CEEE0E /* Album.swift */; };
		6DE7941324F93B1C00CEEE0E /* AlbumRepository.swift in Sources */ = {isa = PBXBuildFile; fileRef = 6DE7941224F93B1C00CEEE0E /* AlbumRepository.swift */; };
		6DE7941524F93B3E00CEEE0E /* AlbumViewModel.swift in Sources */ = {isa = PBXBuildFile; fileRef = 6DE7941424F93B3E00CEEE0E /* AlbumViewModel.swift */; };
		6DE7CEE524E120BA00910DF7 /* API.swift in Sources */ = {isa = PBXBuildFile; fileRef = 6DE7CEE424E120BA00910DF7 /* API.swift */; };
		6DFB0D5724E11CC900353416 /* Queries.graphql in Resources */ = {isa = PBXBuildFile; fileRef = 6DFB0D5624E11CC900353416 /* Queries.graphql */; };
		6DFCAF4724FD2FBB008AD550 /* Event.swift in Sources */ = {isa = PBXBuildFile; fileRef = 6DFCAF4624FD2FBB008AD550 /* Event.swift */; };
		6DFCAF4A24FD314F008AD550 /* EventDetailView.swift in Sources */ = {isa = PBXBuildFile; fileRef = 6DFCAF4924FD314F008AD550 /* EventDetailView.swift */; };
		6DFCAF4C24FD32FC008AD550 /* EventRepository.swift in Sources */ = {isa = PBXBuildFile; fileRef = 6DFCAF4B24FD32FC008AD550 /* EventRepository.swift */; };
		6DFCAF4E24FD3332008AD550 /* EventViewModel.swift in Sources */ = {isa = PBXBuildFile; fileRef = 6DFCAF4D24FD3332008AD550 /* EventViewModel.swift */; };
		B27655D36FCFB2FB5C6EE1C7 /* Pods_EventApp.framework in Frameworks */ = {isa = PBXBuildFile; fileRef = 88B30976FAB87CDF8856B680 /* Pods_EventApp.framework */; };
		BB40FFF526D061FF00704962 /* LocalizedNumberText.swift in Sources */ = {isa = PBXBuildFile; fileRef = BB40FFF426D061FF00704962 /* LocalizedNumberText.swift */; };
		BB5D686226C6B2B2005967DB /* TextFieldWithImage.swift in Sources */ = {isa = PBXBuildFile; fileRef = BB5D686126C6B2B2005967DB /* TextFieldWithImage.swift */; };
		BB5F449C26CEB7CF001AC60F /* EditProfileView.swift in Sources */ = {isa = PBXBuildFile; fileRef = BB5F449B26CEB7CF001AC60F /* EditProfileView.swift */; };
		BB7D69A926C539A70038857F /* cat.json in Resources */ = {isa = PBXBuildFile; fileRef = BB7D69A826C539A70038857F /* cat.json */; };
		BB7D69AC26C53CD20038857F /* LoadingView.swift in Sources */ = {isa = PBXBuildFile; fileRef = BB7D69AB26C53CD20038857F /* LoadingView.swift */; };
		BBC6F47C26D0D48100CAEC8A /* RoundButton.swift in Sources */ = {isa = PBXBuildFile; fileRef = BBC6F47B26D0D48100CAEC8A /* RoundButton.swift */; };
		BBE4EE5426C50E9500176DFA /* DataManager.swift in Sources */ = {isa = PBXBuildFile; fileRef = BBE4EE5326C50E9500176DFA /* DataManager.swift */; };
		BBE4EE5626C5105200176DFA /* PhoneNumberViewModel.swift in Sources */ = {isa = PBXBuildFile; fileRef = BBE4EE5526C5105200176DFA /* PhoneNumberViewModel.swift */; };
		BBE4EE5A26C51D9B00176DFA /* OTPViewModel.swift in Sources */ = {isa = PBXBuildFile; fileRef = BBE4EE5926C51D9B00176DFA /* OTPViewModel.swift */; };
		BBE4EE5C26C51DE800176DFA /* VerifyAuthentication.swift in Sources */ = {isa = PBXBuildFile; fileRef = BBE4EE5B26C51DE800176DFA /* VerifyAuthentication.swift */; };
		BBE4EE5E26C536CE00176DFA /* LottieView.swift in Sources */ = {isa = PBXBuildFile; fileRef = BBE4EE5D26C536CE00176DFA /* LottieView.swift */; };
		E834C0872554056400AC827F /* HomeTabUIView.swift in Sources */ = {isa = PBXBuildFile; fileRef = E834C0862554056400AC827F /* HomeTabUIView.swift */; };
		E837435C24FFEB21009FEB5B /* JSON+Extension.swift in Sources */ = {isa = PBXBuildFile; fileRef = E837435B24FFEB21009FEB5B /* JSON+Extension.swift */; };
		E837435F24FFF327009FEB5B /* XException.swift in Sources */ = {isa = PBXBuildFile; fileRef = E837435E24FFF327009FEB5B /* XException.swift */; };
		E837436124FFF605009FEB5B /* StatusView.swift in Sources */ = {isa = PBXBuildFile; fileRef = E837436024FFF605009FEB5B /* StatusView.swift */; };
		E837436424FFF69D009FEB5B /* Indicator.swift in Sources */ = {isa = PBXBuildFile; fileRef = E837436324FFF69D009FEB5B /* Indicator.swift */; };
		E8CFE1F525D8159A00FF564E /* Color+Extension.swift in Sources */ = {isa = PBXBuildFile; fileRef = E8CFE1F425D8159A00FF564E /* Color+Extension.swift */; };
		E8CFE1F825D815C200FF564E /* Image+Extension.swift in Sources */ = {isa = PBXBuildFile; fileRef = E8CFE1F725D815C200FF564E /* Image+Extension.swift */; };
		E8EAE3A4256ACD6A00B43FB1 /* Model+Extension.swift in Sources */ = {isa = PBXBuildFile; fileRef = E8EAE3A3256ACD6A00B43FB1 /* Model+Extension.swift */; };
		E8EAE3A8256AD01900B43FB1 /* String+Extension.swift in Sources */ = {isa = PBXBuildFile; fileRef = E8EAE3A7256AD01900B43FB1 /* String+Extension.swift */; };
		F53010A22626E08E00948D9E /* ProfileView.swift in Sources */ = {isa = PBXBuildFile; fileRef = F53010A12626E08E00948D9E /* ProfileView.swift */; };
		F54B35D2269B24D50060D5F2 /* User.swift in Sources */ = {isa = PBXBuildFile; fileRef = F54B35D0269B24D40060D5F2 /* User.swift */; };
		F54B35D3269B24D50060D5F2 /* Chat.swift in Sources */ = {isa = PBXBuildFile; fileRef = F54B35D1269B24D50060D5F2 /* Chat.swift */; };
		F554E4702629929100E849E5 /* ProfileTabBar.swift in Sources */ = {isa = PBXBuildFile; fileRef = F554E46F2629929100E849E5 /* ProfileTabBar.swift */; };
		F554E474262994B000E849E5 /* ChatHistoryView.swift in Sources */ = {isa = PBXBuildFile; fileRef = F554E473262994B000E849E5 /* ChatHistoryView.swift */; };
		F57FD3802635504900593603 /* LocalaizedStrring.swift in Sources */ = {isa = PBXBuildFile; fileRef = F57FD37F2635504900593603 /* LocalaizedStrring.swift */; };
		F5A656662633CF2200DAA5BC /* PagerView.swift in Sources */ = {isa = PBXBuildFile; fileRef = F5A656652633CF2200DAA5BC /* PagerView.swift */; };
		F5A65669263404BB00DAA5BC /* ProfileViewModel.swift in Sources */ = {isa = PBXBuildFile; fileRef = F5A65668263404BB00DAA5BC /* ProfileViewModel.swift */; };
		F5A65672263448AB00DAA5BC /* ProfileRepository.swift in Sources */ = {isa = PBXBuildFile; fileRef = F5A65671263448AB00DAA5BC /* ProfileRepository.swift */; };
		F5A65675263449E500DAA5BC /* Profile.swift in Sources */ = {isa = PBXBuildFile; fileRef = F5A65674263449E500DAA5BC /* Profile.swift */; };
		F5AD978226B7EC2100ED8B46 /* Mutation.graphql in Resources */ = {isa = PBXBuildFile; fileRef = F5AD978126B7EC2100ED8B46 /* Mutation.graphql */; };
		F5AD978426B7F44F00ED8B46 /* Authenticate.swift in Sources */ = {isa = PBXBuildFile; fileRef = F5AD978326B7F44F00ED8B46 /* Authenticate.swift */; };
		F5AD978626B7F4D800ED8B46 /* ErrorModel.swift in Sources */ = {isa = PBXBuildFile; fileRef = F5AD978526B7F4D800ED8B46 /* ErrorModel.swift */; };
		F5AD978826B7F57000ED8B46 /* AuthenticateRepository.swift in Sources */ = {isa = PBXBuildFile; fileRef = F5AD978726B7F57000ED8B46 /* AuthenticateRepository.swift */; };
		F5DEFB4A2646CED5000FF25F /* PhoneNumberView.swift in Sources */ = {isa = PBXBuildFile; fileRef = F5DEFB492646CED5000FF25F /* PhoneNumberView.swift */; };
		F5DEFB4E2646CF2F000FF25F /* OTPView.swift in Sources */ = {isa = PBXBuildFile; fileRef = F5DEFB4D2646CF2F000FF25F /* OTPView.swift */; };
/* End PBXBuildFile section */

/* Begin PBXCopyFilesBuildPhase section */
		6D7CDA5F2535B4AC00FCBF2D /* Embed App Extensions */ = {
			isa = PBXCopyFilesBuildPhase;
			buildActionMask = 2147483647;
			dstPath = "";
			dstSubfolderSpec = 13;
			files = (
			);
			name = "Embed App Extensions";
			runOnlyForDeploymentPostprocessing = 0;
		};
/* End PBXCopyFilesBuildPhase section */

/* Begin PBXFileReference section */
		0BB375CA27197EEF0043AF24 /* UITextFieldExtensions.swift */ = {isa = PBXFileReference; lastKnownFileType = sourcecode.swift; path = UITextFieldExtensions.swift; sourceTree = "<group>"; };
		0BB375CE2719C9560043AF24 /* TagView.swift */ = {isa = PBXFileReference; lastKnownFileType = sourcecode.swift; path = TagView.swift; sourceTree = "<group>"; };
		0BB375D02719CE1C0043AF24 /* PlaceHolder.swift */ = {isa = PBXFileReference; lastKnownFileType = sourcecode.swift; path = PlaceHolder.swift; sourceTree = "<group>"; };
		0BB375D22719D3170043AF24 /* TextView.swift */ = {isa = PBXFileReference; lastKnownFileType = sourcecode.swift; path = TextView.swift; sourceTree = "<group>"; };
		6B071428B16091281252D1D6 /* Pods-EventApp.debug.xcconfig */ = {isa = PBXFileReference; includeInIndex = 1; lastKnownFileType = text.xcconfig; name = "Pods-EventApp.debug.xcconfig"; path = "Target Support Files/Pods-EventApp/Pods-EventApp.debug.xcconfig"; sourceTree = "<group>"; };
		6D1325B324FE658F00FFA202 /* PhotoRepository.swift */ = {isa = PBXFileReference; lastKnownFileType = sourcecode.swift; path = PhotoRepository.swift; sourceTree = "<group>"; };
		6D1325B524FE65C100FFA202 /* Photo.swift */ = {isa = PBXFileReference; lastKnownFileType = sourcecode.swift; path = Photo.swift; sourceTree = "<group>"; };
		6D1325B724FE65D200FFA202 /* PhotoViewModel.swift */ = {isa = PBXFileReference; lastKnownFileType = sourcecode.swift; path = PhotoViewModel.swift; sourceTree = "<group>"; };
		6D1325BB24FE706400FFA202 /* DateHelper.swift */ = {isa = PBXFileReference; fileEncoding = 4; lastKnownFileType = sourcecode.swift; path = DateHelper.swift; sourceTree = "<group>"; };
		6D3B48FC25289D9A0002EBF8 /* schema.json */ = {isa = PBXFileReference; fileEncoding = 4; lastKnownFileType = text.json; path = schema.json; sourceTree = "<group>"; };
		6D3B49002528A1040002EBF8 /* SpeakersView.swift */ = {isa = PBXFileReference; lastKnownFileType = sourcecode.swift; path = SpeakersView.swift; sourceTree = "<group>"; };
		6D3B49062528A1340002EBF8 /* Speaker.swift */ = {isa = PBXFileReference; lastKnownFileType = sourcecode.swift; path = Speaker.swift; sourceTree = "<group>"; };
		6D3B490A2528A1880002EBF8 /* SpeakerRepository.swift */ = {isa = PBXFileReference; lastKnownFileType = sourcecode.swift; path = SpeakerRepository.swift; sourceTree = "<group>"; };
		6D3B490F2528A24C0002EBF8 /* SpeakerViewModel.swift */ = {isa = PBXFileReference; lastKnownFileType = sourcecode.swift; path = SpeakerViewModel.swift; sourceTree = "<group>"; };
		6D3B49142528AB1F0002EBF8 /* Sponsor.swift */ = {isa = PBXFileReference; lastKnownFileType = sourcecode.swift; path = Sponsor.swift; sourceTree = "<group>"; };
		6D3B49182528ABCC0002EBF8 /* SponsorRepository.swift */ = {isa = PBXFileReference; lastKnownFileType = sourcecode.swift; path = SponsorRepository.swift; sourceTree = "<group>"; };
		6D3B491C2528AC2E0002EBF8 /* SponsorViewModel.swift */ = {isa = PBXFileReference; lastKnownFileType = sourcecode.swift; path = SponsorViewModel.swift; sourceTree = "<group>"; };
		6D3B491F2528AC4D0002EBF8 /* SponsorsView.swift */ = {isa = PBXFileReference; lastKnownFileType = sourcecode.swift; path = SponsorsView.swift; sourceTree = "<group>"; };
		6D3B49242528B1AF0002EBF8 /* SponsorsRow.swift */ = {isa = PBXFileReference; lastKnownFileType = sourcecode.swift; path = SponsorsRow.swift; sourceTree = "<group>"; };
		6D3B49282528B20E0002EBF8 /* SponsorCell.swift */ = {isa = PBXFileReference; lastKnownFileType = sourcecode.swift; path = SponsorCell.swift; sourceTree = "<group>"; };
		6D3B492F2528BBD20002EBF8 /* SpeakerDetailView.swift */ = {isa = PBXFileReference; lastKnownFileType = sourcecode.swift; path = SpeakerDetailView.swift; sourceTree = "<group>"; };
		6D3B49332528BD130002EBF8 /* ErrorView.swift */ = {isa = PBXFileReference; lastKnownFileType = sourcecode.swift; path = ErrorView.swift; sourceTree = "<group>"; };
		6D3B495C2529B1EB0002EBF8 /* WebView.swift */ = {isa = PBXFileReference; fileEncoding = 4; lastKnownFileType = sourcecode.swift; path = WebView.swift; sourceTree = "<group>"; };
		6D3B495F2529B2470002EBF8 /* WebViewSheet.swift */ = {isa = PBXFileReference; lastKnownFileType = sourcecode.swift; path = WebViewSheet.swift; sourceTree = "<group>"; };
		6D460C6C24DE7F3500F50DAF /* Network.swift */ = {isa = PBXFileReference; lastKnownFileType = sourcecode.swift; path = Network.swift; sourceTree = "<group>"; };
		6D8CE96925011B8000F47ADF /* CustomButton.swift */ = {isa = PBXFileReference; lastKnownFileType = sourcecode.swift; path = CustomButton.swift; sourceTree = "<group>"; };
		6D8CE96E2501237A00F47ADF /* ImagePlaceholder.swift */ = {isa = PBXFileReference; lastKnownFileType = sourcecode.swift; path = ImagePlaceholder.swift; sourceTree = "<group>"; };
		6D8CE97025012AB700F47ADF /* Colors.xcassets */ = {isa = PBXFileReference; lastKnownFileType = folder.assetcatalog; path = Colors.xcassets; sourceTree = "<group>"; };
		6D8CE972250204A600F47ADF /* Day.swift */ = {isa = PBXFileReference; lastKnownFileType = sourcecode.swift; path = Day.swift; sourceTree = "<group>"; };
		6D8CE9742502057200F47ADF /* DayRepository.swift */ = {isa = PBXFileReference; lastKnownFileType = sourcecode.swift; path = DayRepository.swift; sourceTree = "<group>"; };
		6D8CE9762502059D00F47ADF /* DayViewModel.swift */ = {isa = PBXFileReference; lastKnownFileType = sourcecode.swift; path = DayViewModel.swift; sourceTree = "<group>"; };
		6D8CE978250206AD00F47ADF /* TimeTableView.swift */ = {isa = PBXFileReference; lastKnownFileType = sourcecode.swift; path = TimeTableView.swift; sourceTree = "<group>"; };
		6D8CE97C25020E3500F47ADF /* SessionHeaderView.swift */ = {isa = PBXFileReference; lastKnownFileType = sourcecode.swift; path = SessionHeaderView.swift; sourceTree = "<group>"; };
		6D8CE97E25020ED200F47ADF /* SectionView.swift */ = {isa = PBXFileReference; lastKnownFileType = sourcecode.swift; path = SectionView.swift; sourceTree = "<group>"; };
		6DAA3CE22502102C006528DB /* DayHeaderView.swift */ = {isa = PBXFileReference; lastKnownFileType = sourcecode.swift; path = DayHeaderView.swift; sourceTree = "<group>"; };
		6DAA3CE42502255A006528DB /* EmptyListView.swift */ = {isa = PBXFileReference; lastKnownFileType = sourcecode.swift; path = EmptyListView.swift; sourceTree = "<group>"; };
		6DC0A45424FBCD1D00CE535B /* About.swift */ = {isa = PBXFileReference; lastKnownFileType = sourcecode.swift; path = About.swift; sourceTree = "<group>"; };
		6DC0A45624FBCDCE00CE535B /* AboutRepository.swift */ = {isa = PBXFileReference; lastKnownFileType = sourcecode.swift; path = AboutRepository.swift; sourceTree = "<group>"; };
		6DC0A45824FBCE6D00CE535B /* AboutViewModel.swift */ = {isa = PBXFileReference; lastKnownFileType = sourcecode.swift; path = AboutViewModel.swift; sourceTree = "<group>"; };
		6DC0A45B24FBCE9B00CE535B /* AboutView.swift */ = {isa = PBXFileReference; lastKnownFileType = sourcecode.swift; path = AboutView.swift; sourceTree = "<group>"; };
		6DC0A45D24FBD01C00CE535B /* AboutDetailView.swift */ = {isa = PBXFileReference; lastKnownFileType = sourcecode.swift; path = AboutDetailView.swift; sourceTree = "<group>"; };
		6DC754D524DE6BD700F96518 /* EventApp.app */ = {isa = PBXFileReference; explicitFileType = wrapper.application; includeInIndex = 0; path = EventApp.app; sourceTree = BUILT_PRODUCTS_DIR; };
		6DC754D824DE6BD700F96518 /* AppDelegate.swift */ = {isa = PBXFileReference; lastKnownFileType = sourcecode.swift; path = AppDelegate.swift; sourceTree = "<group>"; };
		6DC754DA24DE6BD700F96518 /* SceneDelegate.swift */ = {isa = PBXFileReference; lastKnownFileType = sourcecode.swift; path = SceneDelegate.swift; sourceTree = "<group>"; };
		6DC754E124DE6BD900F96518 /* Assets.xcassets */ = {isa = PBXFileReference; lastKnownFileType = folder.assetcatalog; path = Assets.xcassets; sourceTree = "<group>"; };
		6DC754E424DE6BD900F96518 /* Preview Assets.xcassets */ = {isa = PBXFileReference; lastKnownFileType = folder.assetcatalog; path = "Preview Assets.xcassets"; sourceTree = "<group>"; };
		6DC754E724DE6BD900F96518 /* Base */ = {isa = PBXFileReference; lastKnownFileType = file.storyboard; name = Base; path = Base.lproj/LaunchScreen.storyboard; sourceTree = "<group>"; };
		6DC754E924DE6BD900F96518 /* Info.plist */ = {isa = PBXFileReference; lastKnownFileType = text.plist.xml; path = Info.plist; sourceTree = "<group>"; };
		6DCFBC5624F93D4F005103E5 /* GalleryCardView.swift */ = {isa = PBXFileReference; lastKnownFileType = sourcecode.swift; path = GalleryCardView.swift; sourceTree = "<group>"; };
		6DCFBC5824F94190005103E5 /* ImageOverlay.swift */ = {isa = PBXFileReference; lastKnownFileType = sourcecode.swift; path = ImageOverlay.swift; sourceTree = "<group>"; };
		6DCFBC5A24F941A5005103E5 /* GalleryDetailView.swift */ = {isa = PBXFileReference; lastKnownFileType = sourcecode.swift; path = GalleryDetailView.swift; sourceTree = "<group>"; };
		6DCFBC6024FA453F005103E5 /* AppView.swift */ = {isa = PBXFileReference; fileEncoding = 4; lastKnownFileType = sourcecode.swift; path = AppView.swift; sourceTree = "<group>"; };
		6DCFBC6624FA45F7005103E5 /* GridStack.swift */ = {isa = PBXFileReference; fileEncoding = 4; lastKnownFileType = sourcecode.swift; path = GridStack.swift; sourceTree = "<group>"; };
		6DCFBC6724FA45F7005103E5 /* GridCalculator.swift */ = {isa = PBXFileReference; fileEncoding = 4; lastKnownFileType = sourcecode.swift; path = GridCalculator.swift; sourceTree = "<group>"; };
		6DCFBC6824FA45F7005103E5 /* Array+chunked.swift */ = {isa = PBXFileReference; fileEncoding = 4; lastKnownFileType = sourcecode.swift; path = "Array+chunked.swift"; sourceTree = "<group>"; };
		6DCFBC6D24FA47C1005103E5 /* Shabnam-Bold-FD.ttf */ = {isa = PBXFileReference; lastKnownFileType = file; path = "Shabnam-Bold-FD.ttf"; sourceTree = "<group>"; };
		6DCFBC6E24FA47C2005103E5 /* Shabnam-FD.ttf */ = {isa = PBXFileReference; lastKnownFileType = file; path = "Shabnam-FD.ttf"; sourceTree = "<group>"; };
		6DCFBC7124FA48E5005103E5 /* CustomFont.swift */ = {isa = PBXFileReference; lastKnownFileType = sourcecode.swift; path = CustomFont.swift; sourceTree = "<group>"; };
		6DCFBC7324FA4FD8005103E5 /* Configuration.swift */ = {isa = PBXFileReference; lastKnownFileType = sourcecode.swift; path = Configuration.swift; sourceTree = "<group>"; };
		6DD067EF2509EDBA008BBC08 /* Talk.swift */ = {isa = PBXFileReference; lastKnownFileType = sourcecode.swift; path = Talk.swift; sourceTree = "<group>"; };
		6DD067F32509EECC008BBC08 /* TalkRepository.swift */ = {isa = PBXFileReference; lastKnownFileType = sourcecode.swift; path = TalkRepository.swift; sourceTree = "<group>"; };
		6DD067F52509EF8E008BBC08 /* TalkViewModel.swift */ = {isa = PBXFileReference; lastKnownFileType = sourcecode.swift; path = TalkViewModel.swift; sourceTree = "<group>"; };
		6DD067F82509EFCD008BBC08 /* TalksView.swift */ = {isa = PBXFileReference; lastKnownFileType = sourcecode.swift; path = TalksView.swift; sourceTree = "<group>"; };
		6DD067FA2509F0D6008BBC08 /* TalkRow.swift */ = {isa = PBXFileReference; lastKnownFileType = sourcecode.swift; path = TalkRow.swift; sourceTree = "<group>"; };
		6DD067FC2509F132008BBC08 /* TalkWithEvent.swift */ = {isa = PBXFileReference; lastKnownFileType = sourcecode.swift; path = TalkWithEvent.swift; sourceTree = "<group>"; };
		6DD067FE2509F26A008BBC08 /* TalkCell.swift */ = {isa = PBXFileReference; lastKnownFileType = sourcecode.swift; path = TalkCell.swift; sourceTree = "<group>"; };
		6DD068002509FA49008BBC08 /* FeaturedTalkRepository.swift */ = {isa = PBXFileReference; lastKnownFileType = sourcecode.swift; path = FeaturedTalkRepository.swift; sourceTree = "<group>"; };
		6DD068022509FAC7008BBC08 /* FeaturedTalkViewModel.swift */ = {isa = PBXFileReference; lastKnownFileType = sourcecode.swift; path = FeaturedTalkViewModel.swift; sourceTree = "<group>"; };
		6DD068042509FCD7008BBC08 /* FeaturedTalkView.swift */ = {isa = PBXFileReference; lastKnownFileType = sourcecode.swift; path = FeaturedTalkView.swift; sourceTree = "<group>"; };
		6DD06806250A06DE008BBC08 /* TalkDetailView.swift */ = {isa = PBXFileReference; lastKnownFileType = sourcecode.swift; path = TalkDetailView.swift; sourceTree = "<group>"; };
		6DD06808250A098F008BBC08 /* TalkDetail.swift */ = {isa = PBXFileReference; lastKnownFileType = sourcecode.swift; path = TalkDetail.swift; sourceTree = "<group>"; };
		6DD0680A250A0B71008BBC08 /* TalkDetailRepository.swift */ = {isa = PBXFileReference; lastKnownFileType = sourcecode.swift; path = TalkDetailRepository.swift; sourceTree = "<group>"; };
		6DD0680C250A0C0B008BBC08 /* TalkDetailViewModel.swift */ = {isa = PBXFileReference; lastKnownFileType = sourcecode.swift; path = TalkDetailViewModel.swift; sourceTree = "<group>"; };
		6DD12DB62519CE980055D611 /* en */ = {isa = PBXFileReference; lastKnownFileType = text.plist.strings; name = en; path = en.lproj/Localizable.strings; sourceTree = "<group>"; };
		6DD12DBC2519D9CC0055D611 /* White.png */ = {isa = PBXFileReference; lastKnownFileType = image.png; path = White.png; sourceTree = "<group>"; };
		6DD12DBD2519D9CD0055D611 /* White@3x.png */ = {isa = PBXFileReference; lastKnownFileType = image.png; path = "White@3x.png"; sourceTree = "<group>"; };
		6DD12DBF2519D9CD0055D611 /* Black.png */ = {isa = PBXFileReference; lastKnownFileType = image.png; path = Black.png; sourceTree = "<group>"; };
		6DD12DC12519D9CE0055D611 /* White@2x.png */ = {isa = PBXFileReference; lastKnownFileType = image.png; path = "White@2x.png"; sourceTree = "<group>"; };
		6DD12DC22519D9CE0055D611 /* Black@3x.png */ = {isa = PBXFileReference; lastKnownFileType = image.png; path = "Black@3x.png"; sourceTree = "<group>"; };
		6DD12DC32519D9CE0055D611 /* Black@2x.png */ = {isa = PBXFileReference; lastKnownFileType = image.png; path = "Black@2x.png"; sourceTree = "<group>"; };
		6DD12DCF2519DC2F0055D611 /* SettingsView.swift */ = {isa = PBXFileReference; lastKnownFileType = sourcecode.swift; path = SettingsView.swift; sourceTree = "<group>"; };
		6DD12DEA2519E78E0055D611 /* IconNames.swift */ = {isa = PBXFileReference; lastKnownFileType = sourcecode.swift; path = IconNames.swift; sourceTree = "<group>"; };
		6DD12DED2519E79D0055D611 /* ToggleModel.swift */ = {isa = PBXFileReference; lastKnownFileType = sourcecode.swift; path = ToggleModel.swift; sourceTree = "<group>"; };
		6DD9718124F8D0D70044D596 /* News.swift */ = {isa = PBXFileReference; lastKnownFileType = sourcecode.swift; path = News.swift; sourceTree = "<group>"; };
		6DD9718324F8D20D0044D596 /* NewsRepository.swift */ = {isa = PBXFileReference; lastKnownFileType = sourcecode.swift; path = NewsRepository.swift; sourceTree = "<group>"; };
		6DD9718724F8D2740044D596 /* NewsView.swift */ = {isa = PBXFileReference; lastKnownFileType = sourcecode.swift; path = NewsView.swift; sourceTree = "<group>"; };
		6DD9718924F8D2C20044D596 /* NewsViewModel.swift */ = {isa = PBXFileReference; lastKnownFileType = sourcecode.swift; path = NewsViewModel.swift; sourceTree = "<group>"; };
		6DD9718F24F8EBE30044D596 /* NewsCardView.swift */ = {isa = PBXFileReference; lastKnownFileType = sourcecode.swift; path = NewsCardView.swift; sourceTree = "<group>"; };
		6DD9719724F8F9600044D596 /* NavigationBarModifier.swift */ = {isa = PBXFileReference; lastKnownFileType = sourcecode.swift; path = NavigationBarModifier.swift; sourceTree = "<group>"; };
		6DD9719C24F8FB180044D596 /* View+Extension.swift */ = {isa = PBXFileReference; lastKnownFileType = sourcecode.swift; path = "View+Extension.swift"; sourceTree = "<group>"; };
		6DDAEABC251DC8370008CCEE /* TabBar.swift */ = {isa = PBXFileReference; lastKnownFileType = sourcecode.swift; path = TabBar.swift; sourceTree = "<group>"; };
		6DDAEABF251DC8DE0008CCEE /* EventView.swift */ = {isa = PBXFileReference; lastKnownFileType = sourcecode.swift; path = EventView.swift; sourceTree = "<group>"; };
		6DDAEAC3251DCB630008CCEE /* TabBarButton.swift */ = {isa = PBXFileReference; lastKnownFileType = sourcecode.swift; path = TabBarButton.swift; sourceTree = "<group>"; };
		6DE7940E24F938BF00CEEE0E /* GalleryView.swift */ = {isa = PBXFileReference; lastKnownFileType = sourcecode.swift; path = GalleryView.swift; sourceTree = "<group>"; };
		6DE7941024F939A500CEEE0E /* Album.swift */ = {isa = PBXFileReference; lastKnownFileType = sourcecode.swift; path = Album.swift; sourceTree = "<group>"; };
		6DE7941224F93B1C00CEEE0E /* AlbumRepository.swift */ = {isa = PBXFileReference; lastKnownFileType = sourcecode.swift; path = AlbumRepository.swift; sourceTree = "<group>"; };
		6DE7941424F93B3E00CEEE0E /* AlbumViewModel.swift */ = {isa = PBXFileReference; lastKnownFileType = sourcecode.swift; path = AlbumViewModel.swift; sourceTree = "<group>"; };
		6DE7CEE424E120BA00910DF7 /* API.swift */ = {isa = PBXFileReference; fileEncoding = 4; lastKnownFileType = sourcecode.swift; path = API.swift; sourceTree = "<group>"; };
		6DFB0D5624E11CC900353416 /* Queries.graphql */ = {isa = PBXFileReference; lastKnownFileType = text; path = Queries.graphql; sourceTree = "<group>"; };
		6DFCAF4624FD2FBB008AD550 /* Event.swift */ = {isa = PBXFileReference; lastKnownFileType = sourcecode.swift; path = Event.swift; sourceTree = "<group>"; };
		6DFCAF4924FD314F008AD550 /* EventDetailView.swift */ = {isa = PBXFileReference; lastKnownFileType = sourcecode.swift; path = EventDetailView.swift; sourceTree = "<group>"; };
		6DFCAF4B24FD32FC008AD550 /* EventRepository.swift */ = {isa = PBXFileReference; lastKnownFileType = sourcecode.swift; path = EventRepository.swift; sourceTree = "<group>"; };
		6DFCAF4D24FD3332008AD550 /* EventViewModel.swift */ = {isa = PBXFileReference; lastKnownFileType = sourcecode.swift; path = EventViewModel.swift; sourceTree = "<group>"; };
		88B30976FAB87CDF8856B680 /* Pods_EventApp.framework */ = {isa = PBXFileReference; explicitFileType = wrapper.framework; includeInIndex = 0; path = Pods_EventApp.framework; sourceTree = BUILT_PRODUCTS_DIR; };
		ADE40F42D4450EB907BBCF94 /* Pods-EventApp.release.xcconfig */ = {isa = PBXFileReference; includeInIndex = 1; lastKnownFileType = text.xcconfig; name = "Pods-EventApp.release.xcconfig"; path = "Target Support Files/Pods-EventApp/Pods-EventApp.release.xcconfig"; sourceTree = "<group>"; };
		BB40FFF426D061FF00704962 /* LocalizedNumberText.swift */ = {isa = PBXFileReference; lastKnownFileType = sourcecode.swift; path = LocalizedNumberText.swift; sourceTree = "<group>"; };
		BB5D686126C6B2B2005967DB /* TextFieldWithImage.swift */ = {isa = PBXFileReference; fileEncoding = 4; lastKnownFileType = sourcecode.swift; path = TextFieldWithImage.swift; sourceTree = "<group>"; };
		BB5F449B26CEB7CF001AC60F /* EditProfileView.swift */ = {isa = PBXFileReference; lastKnownFileType = sourcecode.swift; path = EditProfileView.swift; sourceTree = "<group>"; };
		BB7D69A826C539A70038857F /* cat.json */ = {isa = PBXFileReference; fileEncoding = 4; lastKnownFileType = text.json; path = cat.json; sourceTree = "<group>"; };
		BB7D69AB26C53CD20038857F /* LoadingView.swift */ = {isa = PBXFileReference; lastKnownFileType = sourcecode.swift; path = LoadingView.swift; sourceTree = "<group>"; };
		BBC6F47B26D0D48100CAEC8A /* RoundButton.swift */ = {isa = PBXFileReference; lastKnownFileType = sourcecode.swift; path = RoundButton.swift; sourceTree = "<group>"; };
		BBE4EE5326C50E9500176DFA /* DataManager.swift */ = {isa = PBXFileReference; lastKnownFileType = sourcecode.swift; path = DataManager.swift; sourceTree = "<group>"; };
		BBE4EE5526C5105200176DFA /* PhoneNumberViewModel.swift */ = {isa = PBXFileReference; lastKnownFileType = sourcecode.swift; path = PhoneNumberViewModel.swift; sourceTree = "<group>"; };
		BBE4EE5926C51D9B00176DFA /* OTPViewModel.swift */ = {isa = PBXFileReference; lastKnownFileType = sourcecode.swift; path = OTPViewModel.swift; sourceTree = "<group>"; };
		BBE4EE5B26C51DE800176DFA /* VerifyAuthentication.swift */ = {isa = PBXFileReference; lastKnownFileType = sourcecode.swift; path = VerifyAuthentication.swift; sourceTree = "<group>"; };
		BBE4EE5D26C536CE00176DFA /* LottieView.swift */ = {isa = PBXFileReference; lastKnownFileType = sourcecode.swift; path = LottieView.swift; sourceTree = "<group>"; };
		E834C0862554056400AC827F /* HomeTabUIView.swift */ = {isa = PBXFileReference; lastKnownFileType = sourcecode.swift; path = HomeTabUIView.swift; sourceTree = "<group>"; };
		E837435B24FFEB21009FEB5B /* JSON+Extension.swift */ = {isa = PBXFileReference; lastKnownFileType = sourcecode.swift; path = "JSON+Extension.swift"; sourceTree = "<group>"; };
		E837435E24FFF327009FEB5B /* XException.swift */ = {isa = PBXFileReference; lastKnownFileType = sourcecode.swift; path = XException.swift; sourceTree = "<group>"; };
		E837436024FFF605009FEB5B /* StatusView.swift */ = {isa = PBXFileReference; lastKnownFileType = sourcecode.swift; path = StatusView.swift; sourceTree = "<group>"; };
		E837436324FFF69D009FEB5B /* Indicator.swift */ = {isa = PBXFileReference; lastKnownFileType = sourcecode.swift; path = Indicator.swift; sourceTree = "<group>"; };
		E8CFE1F425D8159A00FF564E /* Color+Extension.swift */ = {isa = PBXFileReference; lastKnownFileType = sourcecode.swift; path = "Color+Extension.swift"; sourceTree = "<group>"; };
		E8CFE1F725D815C200FF564E /* Image+Extension.swift */ = {isa = PBXFileReference; lastKnownFileType = sourcecode.swift; path = "Image+Extension.swift"; sourceTree = "<group>"; };
		E8CFE1FC25D8194E00FF564E /* fa-IR */ = {isa = PBXFileReference; lastKnownFileType = text.plist.strings; name = "fa-IR"; path = "fa-IR.lproj/LaunchScreen.strings"; sourceTree = "<group>"; };
		E8CFE1FD25D8194E00FF564E /* fa-IR */ = {isa = PBXFileReference; lastKnownFileType = text.plist.strings; name = "fa-IR"; path = "fa-IR.lproj/Localizable.strings"; sourceTree = "<group>"; };
		E8EAE3A3256ACD6A00B43FB1 /* Model+Extension.swift */ = {isa = PBXFileReference; lastKnownFileType = sourcecode.swift; path = "Model+Extension.swift"; sourceTree = "<group>"; };
		E8EAE3A7256AD01900B43FB1 /* String+Extension.swift */ = {isa = PBXFileReference; lastKnownFileType = sourcecode.swift; path = "String+Extension.swift"; sourceTree = "<group>"; };
		F53010A12626E08E00948D9E /* ProfileView.swift */ = {isa = PBXFileReference; lastKnownFileType = sourcecode.swift; path = ProfileView.swift; sourceTree = "<group>"; };
		F53A340F2618ADE600161B86 /* EventApp.entitlements */ = {isa = PBXFileReference; fileEncoding = 4; lastKnownFileType = text.plist.entitlements; path = EventApp.entitlements; sourceTree = "<group>"; };
		F54B35D0269B24D40060D5F2 /* User.swift */ = {isa = PBXFileReference; fileEncoding = 4; lastKnownFileType = sourcecode.swift; path = User.swift; sourceTree = "<group>"; };
		F54B35D1269B24D50060D5F2 /* Chat.swift */ = {isa = PBXFileReference; fileEncoding = 4; lastKnownFileType = sourcecode.swift; path = Chat.swift; sourceTree = "<group>"; };
		F554E46F2629929100E849E5 /* ProfileTabBar.swift */ = {isa = PBXFileReference; lastKnownFileType = sourcecode.swift; path = ProfileTabBar.swift; sourceTree = "<group>"; };
		F554E473262994B000E849E5 /* ChatHistoryView.swift */ = {isa = PBXFileReference; lastKnownFileType = sourcecode.swift; path = ChatHistoryView.swift; sourceTree = "<group>"; };
		F57FD37F2635504900593603 /* LocalaizedStrring.swift */ = {isa = PBXFileReference; lastKnownFileType = sourcecode.swift; path = LocalaizedStrring.swift; sourceTree = "<group>"; };
		F5A656652633CF2200DAA5BC /* PagerView.swift */ = {isa = PBXFileReference; lastKnownFileType = sourcecode.swift; path = PagerView.swift; sourceTree = "<group>"; };
		F5A65668263404BB00DAA5BC /* ProfileViewModel.swift */ = {isa = PBXFileReference; lastKnownFileType = sourcecode.swift; path = ProfileViewModel.swift; sourceTree = "<group>"; };
		F5A65671263448AB00DAA5BC /* ProfileRepository.swift */ = {isa = PBXFileReference; lastKnownFileType = sourcecode.swift; path = ProfileRepository.swift; sourceTree = "<group>"; };
		F5A65674263449E500DAA5BC /* Profile.swift */ = {isa = PBXFileReference; lastKnownFileType = sourcecode.swift; path = Profile.swift; sourceTree = "<group>"; };
		F5AD978126B7EC2100ED8B46 /* Mutation.graphql */ = {isa = PBXFileReference; fileEncoding = 4; lastKnownFileType = text; path = Mutation.graphql; sourceTree = "<group>"; };
		F5AD978326B7F44F00ED8B46 /* Authenticate.swift */ = {isa = PBXFileReference; lastKnownFileType = sourcecode.swift; path = Authenticate.swift; sourceTree = "<group>"; };
		F5AD978526B7F4D800ED8B46 /* ErrorModel.swift */ = {isa = PBXFileReference; lastKnownFileType = sourcecode.swift; path = ErrorModel.swift; sourceTree = "<group>"; };
		F5AD978726B7F57000ED8B46 /* AuthenticateRepository.swift */ = {isa = PBXFileReference; lastKnownFileType = sourcecode.swift; path = AuthenticateRepository.swift; sourceTree = "<group>"; };
		F5DEFB492646CED5000FF25F /* PhoneNumberView.swift */ = {isa = PBXFileReference; lastKnownFileType = sourcecode.swift; path = PhoneNumberView.swift; sourceTree = "<group>"; };
		F5DEFB4D2646CF2F000FF25F /* OTPView.swift */ = {isa = PBXFileReference; lastKnownFileType = sourcecode.swift; path = OTPView.swift; sourceTree = "<group>"; };
/* End PBXFileReference section */

/* Begin PBXFrameworksBuildPhase section */
		6DC754D224DE6BD700F96518 /* Frameworks */ = {
			isa = PBXFrameworksBuildPhase;
			buildActionMask = 2147483647;
			files = (
				B27655D36FCFB2FB5C6EE1C7 /* Pods_EventApp.framework in Frameworks */,
			);
			runOnlyForDeploymentPostprocessing = 0;
		};
/* End PBXFrameworksBuildPhase section */

/* Begin PBXGroup section */
		0CCC391DA23E7AB0EF549177 /* Pods */ = {
			isa = PBXGroup;
			children = (
				6B071428B16091281252D1D6 /* Pods-EventApp.debug.xcconfig */,
				ADE40F42D4450EB907BBCF94 /* Pods-EventApp.release.xcconfig */,
			);
			path = Pods;
			sourceTree = "<group>";
		};
		6D3B490E2528A2030002EBF8 /* Speakers */ = {
			isa = PBXGroup;
			children = (
				6D3B49002528A1040002EBF8 /* SpeakersView.swift */,
				6D3B492F2528BBD20002EBF8 /* SpeakerDetailView.swift */,
			);
			path = Speakers;
			sourceTree = "<group>";
		};
		6D3B492D2528BA6E0002EBF8 /* Sponsors */ = {
			isa = PBXGroup;
			children = (
				6D3B491F2528AC4D0002EBF8 /* SponsorsView.swift */,
				6D3B49242528B1AF0002EBF8 /* SponsorsRow.swift */,
				6D3B49282528B20E0002EBF8 /* SponsorCell.swift */,
			);
			path = Sponsors;
			sourceTree = "<group>";
		};
		6D8CE98025020EDF00F47ADF /* TimeTable */ = {
			isa = PBXGroup;
			children = (
				6D8CE978250206AD00F47ADF /* TimeTableView.swift */,
				6DAA3CE22502102C006528DB /* DayHeaderView.swift */,
				6D8CE97C25020E3500F47ADF /* SessionHeaderView.swift */,
				6D8CE97E25020ED200F47ADF /* SectionView.swift */,
			);
			path = TimeTable;
			sourceTree = "<group>";
		};
		6DC0A45A24FBCE8D00CE535B /* About */ = {
			isa = PBXGroup;
			children = (
				6DC0A45B24FBCE9B00CE535B /* AboutView.swift */,
				6DC0A45D24FBD01C00CE535B /* AboutDetailView.swift */,
			);
			path = About;
			sourceTree = "<group>";
		};
		6DC754CC24DE6BD600F96518 = {
			isa = PBXGroup;
			children = (
				6DC754D724DE6BD700F96518 /* EventApp */,
				6DC754D624DE6BD700F96518 /* Products */,
				0CCC391DA23E7AB0EF549177 /* Pods */,
				D787737A93F0187F5F388016 /* Frameworks */,
			);
			sourceTree = "<group>";
		};
		6DC754D624DE6BD700F96518 /* Products */ = {
			isa = PBXGroup;
			children = (
				6DC754D524DE6BD700F96518 /* EventApp.app */,
			);
			name = Products;
			sourceTree = "<group>";
		};
		6DC754D724DE6BD700F96518 /* EventApp */ = {
			isa = PBXGroup;
			children = (
				F53A340F2618ADE600161B86 /* EventApp.entitlements */,
				6DC754D824DE6BD700F96518 /* AppDelegate.swift */,
				6DC754DA24DE6BD700F96518 /* SceneDelegate.swift */,
				6DCFBC7324FA4FD8005103E5 /* Configuration.swift */,
				BBE4EE5326C50E9500176DFA /* DataManager.swift */,
				6DD12DBB2519D9B60055D611 /* Icons */,
				6DD9719924F8FA5E0044D596 /* Extensions */,
				E837435D24FFF300009FEB5B /* Service */,
				6DE7CEE824E120E700910DF7 /* Model */,
				6DE7CEEB24E1217B00910DF7 /* Repository */,
				6DE7CEEE24E122D700910DF7 /* ViewModel */,
				6DE7CEF124E1237900910DF7 /* View */,
				BB7D69AA26C539C90038857F /* Recources */,
				6DC754E124DE6BD900F96518 /* Assets.xcassets */,
				6D8CE97025012AB700F47ADF /* Colors.xcassets */,
				6DC754E624DE6BD900F96518 /* LaunchScreen.storyboard */,
				6DC754E924DE6BD900F96518 /* Info.plist */,
				6DC754E324DE6BD900F96518 /* Preview Content */,
				6D3B48FC25289D9A0002EBF8 /* schema.json */,
				6DFB0D5624E11CC900353416 /* Queries.graphql */,
				F5AD978126B7EC2100ED8B46 /* Mutation.graphql */,
				6DE7CEE424E120BA00910DF7 /* API.swift */,
				6DD12DB72519CE980055D611 /* Localizable.strings */,
			);
			path = EventApp;
			sourceTree = "<group>";
		};
		6DC754E324DE6BD900F96518 /* Preview Content */ = {
			isa = PBXGroup;
			children = (
				6DC754E424DE6BD900F96518 /* Preview Assets.xcassets */,
			);
			path = "Preview Content";
			sourceTree = "<group>";
		};
		6DCFBC6524FA45F7005103E5 /* GridStack */ = {
			isa = PBXGroup;
			children = (
				6DCFBC6624FA45F7005103E5 /* GridStack.swift */,
				6DCFBC6724FA45F7005103E5 /* GridCalculator.swift */,
				6DCFBC6824FA45F7005103E5 /* Array+chunked.swift */,
			);
			path = GridStack;
			sourceTree = "<group>";
		};
		6DCFBC6C24FA47B7005103E5 /* Fonts */ = {
			isa = PBXGroup;
			children = (
				6DCFBC6D24FA47C1005103E5 /* Shabnam-Bold-FD.ttf */,
				6DCFBC6E24FA47C2005103E5 /* Shabnam-FD.ttf */,
			);
			path = Fonts;
			sourceTree = "<group>";
		};
		6DD067F72509EFC1008BBC08 /* Talks */ = {
			isa = PBXGroup;
			children = (
				6DD067F82509EFCD008BBC08 /* TalksView.swift */,
				6DD067FA2509F0D6008BBC08 /* TalkRow.swift */,
				6DD067FE2509F26A008BBC08 /* TalkCell.swift */,
				6DD068042509FCD7008BBC08 /* FeaturedTalkView.swift */,
				6DD06806250A06DE008BBC08 /* TalkDetailView.swift */,
			);
			path = Talks;
			sourceTree = "<group>";
		};
		6DD12DBB2519D9B60055D611 /* Icons */ = {
			isa = PBXGroup;
			children = (
				6DD12DBF2519D9CD0055D611 /* Black.png */,
				6DD12DC32519D9CE0055D611 /* Black@2x.png */,
				6DD12DC22519D9CE0055D611 /* Black@3x.png */,
				6DD12DBC2519D9CC0055D611 /* White.png */,
				6DD12DC12519D9CE0055D611 /* White@2x.png */,
				6DD12DBD2519D9CD0055D611 /* White@3x.png */,
			);
			path = Icons;
			sourceTree = "<group>";
		};
		6DD12DF0251A1F240055D611 /* Settings */ = {
			isa = PBXGroup;
			children = (
				6DD12DCF2519DC2F0055D611 /* SettingsView.swift */,
			);
			path = Settings;
			sourceTree = "<group>";
		};
		6DD9719324F8F0CF0044D596 /* News */ = {
			isa = PBXGroup;
			children = (
				6DD9718724F8D2740044D596 /* NewsView.swift */,
				6DD9718F24F8EBE30044D596 /* NewsCardView.swift */,
			);
			path = News;
			sourceTree = "<group>";
		};
		6DD9719624F8F4B20044D596 /* Custom Modifiers */ = {
			isa = PBXGroup;
			children = (
				6DD9719724F8F9600044D596 /* NavigationBarModifier.swift */,
				6DCFBC7124FA48E5005103E5 /* CustomFont.swift */,
				6D8CE96925011B8000F47ADF /* CustomButton.swift */,
			);
			path = "Custom Modifiers";
			sourceTree = "<group>";
		};
		6DD9719924F8FA5E0044D596 /* Extensions */ = {
			isa = PBXGroup;
			children = (
				6DD9719C24F8FB180044D596 /* View+Extension.swift */,
				6D1325BB24FE706400FFA202 /* DateHelper.swift */,
				E837435B24FFEB21009FEB5B /* JSON+Extension.swift */,
				E8EAE3A3256ACD6A00B43FB1 /* Model+Extension.swift */,
				E8EAE3A7256AD01900B43FB1 /* String+Extension.swift */,
				E8CFE1F425D8159A00FF564E /* Color+Extension.swift */,
				E8CFE1F725D815C200FF564E /* Image+Extension.swift */,
				F57FD37F2635504900593603 /* LocalaizedStrring.swift */,
				0BB375CA27197EEF0043AF24 /* UITextFieldExtensions.swift */,
			);
			path = Extensions;
			sourceTree = "<group>";
		};
		6DE7941624F93B6D00CEEE0E /* Gallery */ = {
			isa = PBXGroup;
			children = (
				6DE7940E24F938BF00CEEE0E /* GalleryView.swift */,
				6DCFBC5624F93D4F005103E5 /* GalleryCardView.swift */,
				6DCFBC5A24F941A5005103E5 /* GalleryDetailView.swift */,
				6DCFBC5824F94190005103E5 /* ImageOverlay.swift */,
			);
			path = Gallery;
			sourceTree = "<group>";
		};
		6DE7CEE824E120E700910DF7 /* Model */ = {
			isa = PBXGroup;
			children = (
				F5AD978326B7F44F00ED8B46 /* Authenticate.swift */,
				F5A65674263449E500DAA5BC /* Profile.swift */,
				BBE4EE5B26C51DE800176DFA /* VerifyAuthentication.swift */,
				F5AD978526B7F4D800ED8B46 /* ErrorModel.swift */,
				6DD9718124F8D0D70044D596 /* News.swift */,
				6DE7941024F939A500CEEE0E /* Album.swift */,
				6D1325B524FE65C100FFA202 /* Photo.swift */,
				6DC0A45424FBCD1D00CE535B /* About.swift */,
				6DFCAF4624FD2FBB008AD550 /* Event.swift */,
				6D3B49142528AB1F0002EBF8 /* Sponsor.swift */,
				F54B35D1269B24D50060D5F2 /* Chat.swift */,
				F54B35D0269B24D40060D5F2 /* User.swift */,
				6D3B49062528A1340002EBF8 /* Speaker.swift */,
				6D8CE972250204A600F47ADF /* Day.swift */,
				6DD067FC2509F132008BBC08 /* TalkWithEvent.swift */,
				6DD067EF2509EDBA008BBC08 /* Talk.swift */,
				6DD06808250A098F008BBC08 /* TalkDetail.swift */,
				E837436024FFF605009FEB5B /* StatusView.swift */,
				6DD12DEA2519E78E0055D611 /* IconNames.swift */,
				6DD12DED2519E79D0055D611 /* ToggleModel.swift */,
			);
			path = Model;
			sourceTree = "<group>";
		};
		6DE7CEEB24E1217B00910DF7 /* Repository */ = {
			isa = PBXGroup;
			children = (
				F5AD978726B7F57000ED8B46 /* AuthenticateRepository.swift */,
				6DD9718324F8D20D0044D596 /* NewsRepository.swift */,
				6DE7941224F93B1C00CEEE0E /* AlbumRepository.swift */,
				6D1325B324FE658F00FFA202 /* PhotoRepository.swift */,
				6DC0A45624FBCDCE00CE535B /* AboutRepository.swift */,
				6DFCAF4B24FD32FC008AD550 /* EventRepository.swift */,
				6D3B49182528ABCC0002EBF8 /* SponsorRepository.swift */,
				6D3B490A2528A1880002EBF8 /* SpeakerRepository.swift */,
				6D8CE9742502057200F47ADF /* DayRepository.swift */,
				6DD067F32509EECC008BBC08 /* TalkRepository.swift */,
				6DD068002509FA49008BBC08 /* FeaturedTalkRepository.swift */,
				6DD0680A250A0B71008BBC08 /* TalkDetailRepository.swift */,
				F5A65671263448AB00DAA5BC /* ProfileRepository.swift */,
			);
			path = Repository;
			sourceTree = "<group>";
		};
		6DE7CEEE24E122D700910DF7 /* ViewModel */ = {
			isa = PBXGroup;
			children = (
				6DD9718924F8D2C20044D596 /* NewsViewModel.swift */,
				6DE7941424F93B3E00CEEE0E /* AlbumViewModel.swift */,
				6D1325B724FE65D200FFA202 /* PhotoViewModel.swift */,
				6DC0A45824FBCE6D00CE535B /* AboutViewModel.swift */,
				6DFCAF4D24FD3332008AD550 /* EventViewModel.swift */,
				6D3B491C2528AC2E0002EBF8 /* SponsorViewModel.swift */,
				6D3B490F2528A24C0002EBF8 /* SpeakerViewModel.swift */,
				6D8CE9762502059D00F47ADF /* DayViewModel.swift */,
				6DD067F52509EF8E008BBC08 /* TalkViewModel.swift */,
				6DD068022509FAC7008BBC08 /* FeaturedTalkViewModel.swift */,
				6DD0680C250A0C0B008BBC08 /* TalkDetailViewModel.swift */,
				F5A65668263404BB00DAA5BC /* ProfileViewModel.swift */,
				BBE4EE5526C5105200176DFA /* PhoneNumberViewModel.swift */,
				BBE4EE5926C51D9B00176DFA /* OTPViewModel.swift */,
			);
			path = ViewModel;
			sourceTree = "<group>";
		};
		6DE7CEF124E1237900910DF7 /* View */ = {
			isa = PBXGroup;
			children = (
				6DCFBC6024FA453F005103E5 /* AppView.swift */,
				BB7D69AB26C53CD20038857F /* LoadingView.swift */,
				E837436224FFF68A009FEB5B /* Custom Views */,
				E834C0852554045F00AC827F /* Home */,
				6DFCAF4824FD3133008AD550 /* Event */,
				6DD12DF0251A1F240055D611 /* Settings */,
				6DC0A45A24FBCE8D00CE535B /* About */,
				6DD9719324F8F0CF0044D596 /* News */,
				6DE7941624F93B6D00CEEE0E /* Gallery */,
				6DD067F72509EFC1008BBC08 /* Talks */,
				6DD9719624F8F4B20044D596 /* Custom Modifiers */,
				6DCFBC6524FA45F7005103E5 /* GridStack */,
				F554E472262994A400E849E5 /* Chat */,
				F5DEFB482646CEBB000FF25F /* Login */,
				F53010A02626E06A00948D9E /* Profile */,
			);
			path = View;
			sourceTree = "<group>";
		};
		6DFCAF4824FD3133008AD550 /* Event */ = {
			isa = PBXGroup;
			children = (
				6DDAEABF251DC8DE0008CCEE /* EventView.swift */,
				6DFCAF4924FD314F008AD550 /* EventDetailView.swift */,
				6D3B492D2528BA6E0002EBF8 /* Sponsors */,
				6D8CE98025020EDF00F47ADF /* TimeTable */,
				6D3B490E2528A2030002EBF8 /* Speakers */,
			);
			path = Event;
			sourceTree = "<group>";
		};
		BB7D69AA26C539C90038857F /* Recources */ = {
			isa = PBXGroup;
			children = (
				6DCFBC6C24FA47B7005103E5 /* Fonts */,
				BB7D69A826C539A70038857F /* cat.json */,
			);
			path = Recources;
			sourceTree = "<group>";
		};
		D787737A93F0187F5F388016 /* Frameworks */ = {
			isa = PBXGroup;
			children = (
				88B30976FAB87CDF8856B680 /* Pods_EventApp.framework */,
			);
			name = Frameworks;
			sourceTree = "<group>";
		};
		E834C0852554045F00AC827F /* Home */ = {
			isa = PBXGroup;
			children = (
				E834C0862554056400AC827F /* HomeTabUIView.swift */,
			);
			path = Home;
			sourceTree = "<group>";
		};
		E837435D24FFF300009FEB5B /* Service */ = {
			isa = PBXGroup;
			children = (
				6D460C6C24DE7F3500F50DAF /* Network.swift */,
				E837435E24FFF327009FEB5B /* XException.swift */,
			);
			path = Service;
			sourceTree = "<group>";
		};
		E837436224FFF68A009FEB5B /* Custom Views */ = {
			isa = PBXGroup;
			children = (
				BB5D686126C6B2B2005967DB /* TextFieldWithImage.swift */,
				BBC6F47B26D0D48100CAEC8A /* RoundButton.swift */,
				BB40FFF426D061FF00704962 /* LocalizedNumberText.swift */,
				BBE4EE5D26C536CE00176DFA /* LottieView.swift */,
				E837436324FFF69D009FEB5B /* Indicator.swift */,
				6D8CE96E2501237A00F47ADF /* ImagePlaceholder.swift */,
				6DAA3CE42502255A006528DB /* EmptyListView.swift */,
				6DDAEABC251DC8370008CCEE /* TabBar.swift */,
				6DDAEAC3251DCB630008CCEE /* TabBarButton.swift */,
				6D3B49332528BD130002EBF8 /* ErrorView.swift */,
				6D3B495C2529B1EB0002EBF8 /* WebView.swift */,
				6D3B495F2529B2470002EBF8 /* WebViewSheet.swift */,
				0BB375CE2719C9560043AF24 /* TagView.swift */,
				0BB375D02719CE1C0043AF24 /* PlaceHolder.swift */,
				0BB375D22719D3170043AF24 /* TextView.swift */,
			);
			path = "Custom Views";
			sourceTree = "<group>";
		};
		F53010A02626E06A00948D9E /* Profile */ = {
			isa = PBXGroup;
			children = (
				F53010A12626E08E00948D9E /* ProfileView.swift */,
				F554E46F2629929100E849E5 /* ProfileTabBar.swift */,
				F5A656652633CF2200DAA5BC /* PagerView.swift */,
				BB5F449B26CEB7CF001AC60F /* EditProfileView.swift */,
			);
			path = Profile;
			sourceTree = "<group>";
		};
		F554E472262994A400E849E5 /* Chat */ = {
			isa = PBXGroup;
			children = (
				F554E473262994B000E849E5 /* ChatHistoryView.swift */,
			);
			path = Chat;
			sourceTree = "<group>";
		};
		F5DEFB482646CEBB000FF25F /* Login */ = {
			isa = PBXGroup;
			children = (
				F5DEFB492646CED5000FF25F /* PhoneNumberView.swift */,
				F5DEFB4D2646CF2F000FF25F /* OTPView.swift */,
			);
			path = Login;
			sourceTree = "<group>";
		};
/* End PBXGroup section */

/* Begin PBXNativeTarget section */
		6DC754D424DE6BD700F96518 /* EventApp */ = {
			isa = PBXNativeTarget;
			buildConfigurationList = 6DC754EC24DE6BD900F96518 /* Build configuration list for PBXNativeTarget "EventApp" */;
			buildPhases = (
				B05DAEBD644BFCF0E39FF0B0 /* [CP] Check Pods Manifest.lock */,
				6D4FAC6624DE7B1D002202D9 /* Generate Apollo GraphQL API */,
				6DC754D124DE6BD700F96518 /* Sources */,
				6DC754D224DE6BD700F96518 /* Frameworks */,
				6DC754D324DE6BD700F96518 /* Resources */,
				6D3B495A2529AE220002EBF8 /* ShellScript */,
				6D7CDA5F2535B4AC00FCBF2D /* Embed App Extensions */,
				C3ACA991705FD25331234F72 /* [CP] Embed Pods Frameworks */,
			);
			buildRules = (
			);
			dependencies = (
			);
			name = EventApp;
			productName = TEDxConnect;
			productReference = 6DC754D524DE6BD700F96518 /* EventApp.app */;
			productType = "com.apple.product-type.application";
		};
/* End PBXNativeTarget section */

/* Begin PBXProject section */
		6DC754CD24DE6BD600F96518 /* Project object */ = {
			isa = PBXProject;
			attributes = {
				LastSwiftUpdateCheck = 1200;
				LastUpgradeCheck = 1200;
				ORGANIZATIONNAME = Alexani;
				TargetAttributes = {
					6DC754D424DE6BD700F96518 = {
						CreatedOnToolsVersion = 11.5;
					};
				};
			};
			buildConfigurationList = 6DC754D024DE6BD600F96518 /* Build configuration list for PBXProject "EventApp" */;
			compatibilityVersion = "Xcode 9.3";
			developmentRegion = en;
			hasScannedForEncodings = 0;
			knownRegions = (
				en,
				Base,
				"fa-IR",
			);
			mainGroup = 6DC754CC24DE6BD600F96518;
			productRefGroup = 6DC754D624DE6BD700F96518 /* Products */;
			projectDirPath = "";
			projectRoot = "";
			targets = (
				6DC754D424DE6BD700F96518 /* EventApp */,
			);
		};
/* End PBXProject section */

/* Begin PBXResourcesBuildPhase section */
		6DC754D324DE6BD700F96518 /* Resources */ = {
			isa = PBXResourcesBuildPhase;
			buildActionMask = 2147483647;
			files = (
				6D8CE97125012AB700F47ADF /* Colors.xcassets in Resources */,
				6DD12DC52519D9CE0055D611 /* White.png in Resources */,
				BB7D69A926C539A70038857F /* cat.json in Resources */,
				6DFB0D5724E11CC900353416 /* Queries.graphql in Resources */,
				6DCFBC6F24FA47C2005103E5 /* Shabnam-Bold-FD.ttf in Resources */,
				6D3B48FD25289D9A0002EBF8 /* schema.json in Resources */,
				6DD12DC62519D9CE0055D611 /* White@3x.png in Resources */,
				6DCFBC7024FA47C2005103E5 /* Shabnam-FD.ttf in Resources */,
				6DD12DCA2519D9CE0055D611 /* White@2x.png in Resources */,
				6DD12DB52519CE980055D611 /* Localizable.strings in Resources */,
				6DC754E824DE6BD900F96518 /* LaunchScreen.storyboard in Resources */,
				6DD12DCC2519D9CE0055D611 /* Black@2x.png in Resources */,
				6DD12DC82519D9CE0055D611 /* Black.png in Resources */,
				6DC754E524DE6BD900F96518 /* Preview Assets.xcassets in Resources */,
				6DC754E224DE6BD900F96518 /* Assets.xcassets in Resources */,
				F5AD978226B7EC2100ED8B46 /* Mutation.graphql in Resources */,
				6DD12DCB2519D9CE0055D611 /* Black@3x.png in Resources */,
			);
			runOnlyForDeploymentPostprocessing = 0;
		};
/* End PBXResourcesBuildPhase section */

/* Begin PBXShellScriptBuildPhase section */
		6D3B495A2529AE220002EBF8 /* ShellScript */ = {
			isa = PBXShellScriptBuildPhase;
			buildActionMask = 2147483647;
			files = (
			);
			inputFileListPaths = (
			);
			inputPaths = (
				"${DWARF_DSYM_FOLDER_PATH}/${DWARF_DSYM_FILE_NAME}/Contents/Resources/DWARF/${TARGET_NAME}\n",
			);
			outputFileListPaths = (
			);
			outputPaths = (
			);
			runOnlyForDeploymentPostprocessing = 0;
			shellPath = /bin/sh;
			shellScript = "if which sentry-cli >/dev/null; then\nexport SENTRY_ORG=tedxtehran\nexport SENTRY_PROJECT=tedxtehran\nexport SENTRY_AUTH_TOKEN=11af5430c7654e0f9e1166c6f54c6d44a5c766a6931a459eb36fd4fa92da3e5d\nERROR=$(sentry-cli upload-dif \"$DWARF_DSYM_FOLDER_PATH\" 2>&1 >/dev/null)\nif [ ! $? -eq 0 ]; then\necho \"warning: sentry-cli - $ERROR\"\nfi\nelse\necho \"warning: sentry-cli not installed, download from https://github.com/getsentry/sentry-cli/releases\"\nfi\n";
		};
		6D4FAC6624DE7B1D002202D9 /* Generate Apollo GraphQL API */ = {
			isa = PBXShellScriptBuildPhase;
			buildActionMask = 2147483647;
			files = (
			);
			inputFileListPaths = (
			);
			inputPaths = (
			);
			name = "Generate Apollo GraphQL API";
			outputFileListPaths = (
			);
			outputPaths = (
			);
			runOnlyForDeploymentPostprocessing = 0;
			shellPath = /bin/sh;
			shellScript = "SCRIPT_PATH=\"${PODS_ROOT}/Apollo/scripts\"\ncd \"${SRCROOT}/${TARGET_NAME}\"\n\"${SCRIPT_PATH}\"/run-bundled-codegen.sh codegen:generate --target=swift --includes=./**/*.graphql --localSchemaFile=\"schema.json\" API.swift\n";
		};
		B05DAEBD644BFCF0E39FF0B0 /* [CP] Check Pods Manifest.lock */ = {
			isa = PBXShellScriptBuildPhase;
			buildActionMask = 2147483647;
			files = (
			);
			inputFileListPaths = (
			);
			inputPaths = (
				"${PODS_PODFILE_DIR_PATH}/Podfile.lock",
				"${PODS_ROOT}/Manifest.lock",
			);
			name = "[CP] Check Pods Manifest.lock";
			outputFileListPaths = (
			);
			outputPaths = (
				"$(DERIVED_FILE_DIR)/Pods-EventApp-checkManifestLockResult.txt",
			);
			runOnlyForDeploymentPostprocessing = 0;
			shellPath = /bin/sh;
			shellScript = "diff \"${PODS_PODFILE_DIR_PATH}/Podfile.lock\" \"${PODS_ROOT}/Manifest.lock\" > /dev/null\nif [ $? != 0 ] ; then\n    # print error to STDERR\n    echo \"error: The sandbox is not in sync with the Podfile.lock. Run 'pod install' or update your CocoaPods installation.\" >&2\n    exit 1\nfi\n# This output is used by Xcode 'outputs' to avoid re-running this script phase.\necho \"SUCCESS\" > \"${SCRIPT_OUTPUT_FILE_0}\"\n";
			showEnvVarsInLog = 0;
		};
		C3ACA991705FD25331234F72 /* [CP] Embed Pods Frameworks */ = {
			isa = PBXShellScriptBuildPhase;
			buildActionMask = 2147483647;
			files = (
			);
			inputFileListPaths = (
				"${PODS_ROOT}/Target Support Files/Pods-EventApp/Pods-EventApp-frameworks-${CONFIGURATION}-input-files.xcfilelist",
			);
			name = "[CP] Embed Pods Frameworks";
			outputFileListPaths = (
				"${PODS_ROOT}/Target Support Files/Pods-EventApp/Pods-EventApp-frameworks-${CONFIGURATION}-output-files.xcfilelist",
			);
			runOnlyForDeploymentPostprocessing = 0;
			shellPath = /bin/sh;
			shellScript = "\"${PODS_ROOT}/Target Support Files/Pods-EventApp/Pods-EventApp-frameworks.sh\"\n";
			showEnvVarsInLog = 0;
		};
/* End PBXShellScriptBuildPhase section */

/* Begin PBXSourcesBuildPhase section */
		6DC754D124DE6BD700F96518 /* Sources */ = {
			isa = PBXSourcesBuildPhase;
			buildActionMask = 2147483647;
			files = (
				F5AD978626B7F4D800ED8B46 /* ErrorModel.swift in Sources */,
				6DFCAF4A24FD314F008AD550 /* EventDetailView.swift in Sources */,
				E837436424FFF69D009FEB5B /* Indicator.swift in Sources */,
				BBE4EE5E26C536CE00176DFA /* LottieView.swift in Sources */,
				6D460C6D24DE7F3500F50DAF /* Network.swift in Sources */,
				BB7D69AC26C53CD20038857F /* LoadingView.swift in Sources */,
				F5A65672263448AB00DAA5BC /* ProfileRepository.swift in Sources */,
				6D8CE9772502059D00F47ADF /* DayViewModel.swift in Sources */,
				6D3B49342528BD130002EBF8 /* ErrorView.swift in Sources */,
				6DD067F42509EECC008BBC08 /* TalkRepository.swift in Sources */,
				6DD068052509FCD8008BBC08 /* FeaturedTalkView.swift in Sources */,
				6D8CE97D25020E3500F47ADF /* SessionHeaderView.swift in Sources */,
				6DD067F62509EF8E008BBC08 /* TalkViewModel.swift in Sources */,
				6DAA3CE32502102C006528DB /* DayHeaderView.swift in Sources */,
				F5A65675263449E500DAA5BC /* Profile.swift in Sources */,
				6DD068012509FA49008BBC08 /* FeaturedTalkRepository.swift in Sources */,
				6DCFBC5724F93D4F005103E5 /* GalleryCardView.swift in Sources */,
				6DD067FF2509F26A008BBC08 /* TalkCell.swift in Sources */,
				6DFCAF4E24FD3332008AD550 /* EventViewModel.swift in Sources */,
				6DCFBC5924F94190005103E5 /* ImageOverlay.swift in Sources */,
				F554E4702629929100E849E5 /* ProfileTabBar.swift in Sources */,
				6DC0A45C24FBCE9B00CE535B /* AboutView.swift in Sources */,
				6DC0A45724FBCDCE00CE535B /* AboutRepository.swift in Sources */,
				6D3B49292528B20E0002EBF8 /* SponsorCell.swift in Sources */,
				6DC0A45E24FBD01C00CE535B /* AboutDetailView.swift in Sources */,
				E8CFE1F525D8159A00FF564E /* Color+Extension.swift in Sources */,
				6D8CE97F25020ED200F47ADF /* SectionView.swift in Sources */,
				BBE4EE5426C50E9500176DFA /* DataManager.swift in Sources */,
				6DD9719824F8F9600044D596 /* NavigationBarModifier.swift in Sources */,
				6DC754D924DE6BD700F96518 /* AppDelegate.swift in Sources */,
				BBE4EE5626C5105200176DFA /* PhoneNumberViewModel.swift in Sources */,
				6DD067F02509EDBA008BBC08 /* Talk.swift in Sources */,
				6DD12DD02519DC2F0055D611 /* SettingsView.swift in Sources */,
				F5A656662633CF2200DAA5BC /* PagerView.swift in Sources */,
				BBE4EE5C26C51DE800176DFA /* VerifyAuthentication.swift in Sources */,
				6DCFBC6924FA45F7005103E5 /* GridStack.swift in Sources */,
				F5DEFB4A2646CED5000FF25F /* PhoneNumberView.swift in Sources */,
				6D1325B624FE65C100FFA202 /* Photo.swift in Sources */,
				6DCFBC7424FA4FD8005103E5 /* Configuration.swift in Sources */,
				6DD067FB2509F0D6008BBC08 /* TalkRow.swift in Sources */,
				6DD0680B250A0B71008BBC08 /* TalkDetailRepository.swift in Sources */,
				6DE7940F24F938BF00CEEE0E /* GalleryView.swift in Sources */,
				6DFCAF4C24FD32FC008AD550 /* EventRepository.swift in Sources */,
				BB5D686226C6B2B2005967DB /* TextFieldWithImage.swift in Sources */,
				6DDAEAC0251DC8DE0008CCEE /* EventView.swift in Sources */,
				0BB375D32719D3170043AF24 /* TextView.swift in Sources */,
				6D3B49202528AC4D0002EBF8 /* SponsorsView.swift in Sources */,
				6D3B49072528A1340002EBF8 /* Speaker.swift in Sources */,
				6D1325B824FE65D200FFA202 /* PhotoViewModel.swift in Sources */,
				6DCFBC6A24FA45F7005103E5 /* GridCalculator.swift in Sources */,
				BB5F449C26CEB7CF001AC60F /* EditProfileView.swift in Sources */,
				F5A65669263404BB00DAA5BC /* ProfileViewModel.swift in Sources */,
				E8EAE3A4256ACD6A00B43FB1 /* Model+Extension.swift in Sources */,
				6D3B49252528B1AF0002EBF8 /* SponsorsRow.swift in Sources */,
				6DD12DEE2519E79D0055D611 /* ToggleModel.swift in Sources */,
				F53010A22626E08E00948D9E /* ProfileView.swift in Sources */,
				6D3B490B2528A1880002EBF8 /* SpeakerRepository.swift in Sources */,
				6DFCAF4724FD2FBB008AD550 /* Event.swift in Sources */,
				6DDAEAC4251DCB630008CCEE /* TabBarButton.swift in Sources */,
				6DD06809250A098F008BBC08 /* TalkDetail.swift in Sources */,
				6DD9718824F8D2740044D596 /* NewsView.swift in Sources */,
				6D3B49192528ABCC0002EBF8 /* SponsorRepository.swift in Sources */,
				6DE7941524F93B3E00CEEE0E /* AlbumViewModel.swift in Sources */,
				F54B35D3269B24D50060D5F2 /* Chat.swift in Sources */,
				F5AD978826B7F57000ED8B46 /* AuthenticateRepository.swift in Sources */,
				6DD068032509FAC7008BBC08 /* FeaturedTalkViewModel.swift in Sources */,
				6D8CE9752502057200F47ADF /* DayRepository.swift in Sources */,
				6D8CE96F2501237A00F47ADF /* ImagePlaceholder.swift in Sources */,
				6D8CE973250204A600F47ADF /* Day.swift in Sources */,
				6D3B491D2528AC2E0002EBF8 /* SponsorViewModel.swift in Sources */,
				0BB375D12719CE1C0043AF24 /* PlaceHolder.swift in Sources */,
				6D1325BC24FE706400FFA202 /* DateHelper.swift in Sources */,
				6DD9718A24F8D2C20044D596 /* NewsViewModel.swift in Sources */,
				0BB375CF2719C9560043AF24 /* TagView.swift in Sources */,
				BB40FFF526D061FF00704962 /* LocalizedNumberText.swift in Sources */,
				6DE7941124F939A500CEEE0E /* Album.swift in Sources */,
				6D3B49302528BBD20002EBF8 /* SpeakerDetailView.swift in Sources */,
				BBE4EE5A26C51D9B00176DFA /* OTPViewModel.swift in Sources */,
				6D1325B424FE658F00FFA202 /* PhotoRepository.swift in Sources */,
				E8EAE3A8256AD01900B43FB1 /* String+Extension.swift in Sources */,
				6DD06807250A06DE008BBC08 /* TalkDetailView.swift in Sources */,
				F5DEFB4E2646CF2F000FF25F /* OTPView.swift in Sources */,
				6DDAEABD251DC8370008CCEE /* TabBar.swift in Sources */,
				E834C0872554056400AC827F /* HomeTabUIView.swift in Sources */,
				6DD067FD2509F132008BBC08 /* TalkWithEvent.swift in Sources */,
				6DD067F92509EFCD008BBC08 /* TalksView.swift in Sources */,
				6DCFBC5B24F941A5005103E5 /* GalleryDetailView.swift in Sources */,
				F554E474262994B000E849E5 /* ChatHistoryView.swift in Sources */,
				6DE7CEE524E120BA00910DF7 /* API.swift in Sources */,
				BBC6F47C26D0D48100CAEC8A /* RoundButton.swift in Sources */,
				E8CFE1F825D815C200FF564E /* Image+Extension.swift in Sources */,
				6D8CE979250206AD00F47ADF /* TimeTableView.swift in Sources */,
				6DD9718224F8D0D70044D596 /* News.swift in Sources */,
				6D3B49012528A1040002EBF8 /* SpeakersView.swift in Sources */,
				6D3B49152528AB1F0002EBF8 /* Sponsor.swift in Sources */,
				6DC0A45524FBCD1D00CE535B /* About.swift in Sources */,
				6DE7941324F93B1C00CEEE0E /* AlbumRepository.swift in Sources */,
				E837435C24FFEB21009FEB5B /* JSON+Extension.swift in Sources */,
				6DD9718424F8D20D0044D596 /* NewsRepository.swift in Sources */,
				6D3B495D2529B1EB0002EBF8 /* WebView.swift in Sources */,
				6DCFBC6B24FA45F7005103E5 /* Array+chunked.swift in Sources */,
				6D3B49602529B2470002EBF8 /* WebViewSheet.swift in Sources */,
				E837436124FFF605009FEB5B /* StatusView.swift in Sources */,
				6DD12DEB2519E78E0055D611 /* IconNames.swift in Sources */,
				6DC0A45924FBCE6D00CE535B /* AboutViewModel.swift in Sources */,
				6DD0680D250A0C0B008BBC08 /* TalkDetailViewModel.swift in Sources */,
				6DAA3CE52502255A006528DB /* EmptyListView.swift in Sources */,
				F54B35D2269B24D50060D5F2 /* User.swift in Sources */,
				6D3B49102528A24C0002EBF8 /* SpeakerViewModel.swift in Sources */,
				E837435F24FFF327009FEB5B /* XException.swift in Sources */,
				6DD9719024F8EBE30044D596 /* NewsCardView.swift in Sources */,
				6DCFBC6124FA4540005103E5 /* AppView.swift in Sources */,
				6D8CE96A25011B8000F47ADF /* CustomButton.swift in Sources */,
				6DC754DB24DE6BD700F96518 /* SceneDelegate.swift in Sources */,
				F5AD978426B7F44F00ED8B46 /* Authenticate.swift in Sources */,
				F57FD3802635504900593603 /* LocalaizedStrring.swift in Sources */,
				0BB375CB27197EEF0043AF24 /* UITextFieldExtensions.swift in Sources */,
				6DD9719D24F8FB180044D596 /* View+Extension.swift in Sources */,
				6DCFBC7224FA48E5005103E5 /* CustomFont.swift in Sources */,
			);
			runOnlyForDeploymentPostprocessing = 0;
		};
/* End PBXSourcesBuildPhase section */

/* Begin PBXVariantGroup section */
		6DC754E624DE6BD900F96518 /* LaunchScreen.storyboard */ = {
			isa = PBXVariantGroup;
			children = (
				6DC754E724DE6BD900F96518 /* Base */,
				E8CFE1FC25D8194E00FF564E /* fa-IR */,
			);
			name = LaunchScreen.storyboard;
			sourceTree = "<group>";
		};
		6DD12DB72519CE980055D611 /* Localizable.strings */ = {
			isa = PBXVariantGroup;
			children = (
				6DD12DB62519CE980055D611 /* en */,
				E8CFE1FD25D8194E00FF564E /* fa-IR */,
			);
			name = Localizable.strings;
			sourceTree = "<group>";
		};
/* End PBXVariantGroup section */

/* Begin XCBuildConfiguration section */
		6DC754EA24DE6BD900F96518 /* Debug */ = {
			isa = XCBuildConfiguration;
			buildSettings = {
				ALWAYS_SEARCH_USER_PATHS = NO;
				CLANG_ANALYZER_LOCALIZABILITY_NONLOCALIZED = YES;
				CLANG_ANALYZER_NONNULL = YES;
				CLANG_ANALYZER_NUMBER_OBJECT_CONVERSION = YES_AGGRESSIVE;
				CLANG_CXX_LANGUAGE_STANDARD = "gnu++14";
				CLANG_CXX_LIBRARY = "libc++";
				CLANG_ENABLE_MODULES = YES;
				CLANG_ENABLE_OBJC_ARC = YES;
				CLANG_ENABLE_OBJC_WEAK = YES;
				CLANG_WARN_BLOCK_CAPTURE_AUTORELEASING = YES;
				CLANG_WARN_BOOL_CONVERSION = YES;
				CLANG_WARN_COMMA = YES;
				CLANG_WARN_CONSTANT_CONVERSION = YES;
				CLANG_WARN_DEPRECATED_OBJC_IMPLEMENTATIONS = YES;
				CLANG_WARN_DIRECT_OBJC_ISA_USAGE = YES_ERROR;
				CLANG_WARN_DOCUMENTATION_COMMENTS = YES;
				CLANG_WARN_EMPTY_BODY = YES;
				CLANG_WARN_ENUM_CONVERSION = YES;
				CLANG_WARN_INFINITE_RECURSION = YES;
				CLANG_WARN_INT_CONVERSION = YES;
				CLANG_WARN_NON_LITERAL_NULL_CONVERSION = YES;
				CLANG_WARN_OBJC_IMPLICIT_RETAIN_SELF = YES;
				CLANG_WARN_OBJC_LITERAL_CONVERSION = YES;
				CLANG_WARN_OBJC_ROOT_CLASS = YES_ERROR;
				CLANG_WARN_QUOTED_INCLUDE_IN_FRAMEWORK_HEADER = YES;
				CLANG_WARN_RANGE_LOOP_ANALYSIS = YES;
				CLANG_WARN_STRICT_PROTOTYPES = YES;
				CLANG_WARN_SUSPICIOUS_MOVE = YES;
				CLANG_WARN_UNGUARDED_AVAILABILITY = YES_AGGRESSIVE;
				CLANG_WARN_UNREACHABLE_CODE = YES;
				CLANG_WARN__DUPLICATE_METHOD_MATCH = YES;
				COPY_PHASE_STRIP = NO;
				DEBUG_INFORMATION_FORMAT = "dwarf-with-dsym";
				ENABLE_STRICT_OBJC_MSGSEND = YES;
				ENABLE_TESTABILITY = YES;
				GCC_C_LANGUAGE_STANDARD = gnu11;
				GCC_DYNAMIC_NO_PIC = NO;
				GCC_NO_COMMON_BLOCKS = YES;
				GCC_OPTIMIZATION_LEVEL = 0;
				GCC_PREPROCESSOR_DEFINITIONS = (
					"DEBUG=1",
					"$(inherited)",
				);
				GCC_WARN_64_TO_32_BIT_CONVERSION = YES;
				GCC_WARN_ABOUT_RETURN_TYPE = YES_ERROR;
				GCC_WARN_UNDECLARED_SELECTOR = YES;
				GCC_WARN_UNINITIALIZED_AUTOS = YES_AGGRESSIVE;
				GCC_WARN_UNUSED_FUNCTION = YES;
				GCC_WARN_UNUSED_VARIABLE = YES;
				IPHONEOS_DEPLOYMENT_TARGET = 13.0;
				MTL_ENABLE_DEBUG_INFO = INCLUDE_SOURCE;
				MTL_FAST_MATH = YES;
				ONLY_ACTIVE_ARCH = YES;
				SDKROOT = iphoneos;
				SWIFT_ACTIVE_COMPILATION_CONDITIONS = DEBUG;
				SWIFT_OPTIMIZATION_LEVEL = "-Onone";
			};
			name = Debug;
		};
		6DC754EB24DE6BD900F96518 /* Release */ = {
			isa = XCBuildConfiguration;
			buildSettings = {
				ALWAYS_SEARCH_USER_PATHS = NO;
				CLANG_ANALYZER_LOCALIZABILITY_NONLOCALIZED = YES;
				CLANG_ANALYZER_NONNULL = YES;
				CLANG_ANALYZER_NUMBER_OBJECT_CONVERSION = YES_AGGRESSIVE;
				CLANG_CXX_LANGUAGE_STANDARD = "gnu++14";
				CLANG_CXX_LIBRARY = "libc++";
				CLANG_ENABLE_MODULES = YES;
				CLANG_ENABLE_OBJC_ARC = YES;
				CLANG_ENABLE_OBJC_WEAK = YES;
				CLANG_WARN_BLOCK_CAPTURE_AUTORELEASING = YES;
				CLANG_WARN_BOOL_CONVERSION = YES;
				CLANG_WARN_COMMA = YES;
				CLANG_WARN_CONSTANT_CONVERSION = YES;
				CLANG_WARN_DEPRECATED_OBJC_IMPLEMENTATIONS = YES;
				CLANG_WARN_DIRECT_OBJC_ISA_USAGE = YES_ERROR;
				CLANG_WARN_DOCUMENTATION_COMMENTS = YES;
				CLANG_WARN_EMPTY_BODY = YES;
				CLANG_WARN_ENUM_CONVERSION = YES;
				CLANG_WARN_INFINITE_RECURSION = YES;
				CLANG_WARN_INT_CONVERSION = YES;
				CLANG_WARN_NON_LITERAL_NULL_CONVERSION = YES;
				CLANG_WARN_OBJC_IMPLICIT_RETAIN_SELF = YES;
				CLANG_WARN_OBJC_LITERAL_CONVERSION = YES;
				CLANG_WARN_OBJC_ROOT_CLASS = YES_ERROR;
				CLANG_WARN_QUOTED_INCLUDE_IN_FRAMEWORK_HEADER = YES;
				CLANG_WARN_RANGE_LOOP_ANALYSIS = YES;
				CLANG_WARN_STRICT_PROTOTYPES = YES;
				CLANG_WARN_SUSPICIOUS_MOVE = YES;
				CLANG_WARN_UNGUARDED_AVAILABILITY = YES_AGGRESSIVE;
				CLANG_WARN_UNREACHABLE_CODE = YES;
				CLANG_WARN__DUPLICATE_METHOD_MATCH = YES;
				COPY_PHASE_STRIP = NO;
				DEBUG_INFORMATION_FORMAT = "dwarf-with-dsym";
				ENABLE_NS_ASSERTIONS = NO;
				ENABLE_STRICT_OBJC_MSGSEND = YES;
				GCC_C_LANGUAGE_STANDARD = gnu11;
				GCC_NO_COMMON_BLOCKS = YES;
				GCC_WARN_64_TO_32_BIT_CONVERSION = YES;
				GCC_WARN_ABOUT_RETURN_TYPE = YES_ERROR;
				GCC_WARN_UNDECLARED_SELECTOR = YES;
				GCC_WARN_UNINITIALIZED_AUTOS = YES_AGGRESSIVE;
				GCC_WARN_UNUSED_FUNCTION = YES;
				GCC_WARN_UNUSED_VARIABLE = YES;
				IPHONEOS_DEPLOYMENT_TARGET = 13.0;
				MTL_ENABLE_DEBUG_INFO = NO;
				MTL_FAST_MATH = YES;
				SDKROOT = iphoneos;
				SWIFT_COMPILATION_MODE = wholemodule;
				SWIFT_OPTIMIZATION_LEVEL = "-O";
				VALIDATE_PRODUCT = YES;
			};
			name = Release;
		};
		6DC754ED24DE6BD900F96518 /* Debug */ = {
			isa = XCBuildConfiguration;
			baseConfigurationReference = 6B071428B16091281252D1D6 /* Pods-EventApp.debug.xcconfig */;
			buildSettings = {
				ALWAYS_EMBED_SWIFT_STANDARD_LIBRARIES = YES;
				ASSETCATALOG_COMPILER_APPICON_NAME = AppIcon;
				CODE_SIGN_ENTITLEMENTS = EventApp/EventApp.entitlements;
				CODE_SIGN_IDENTITY = "Apple Development";
				CODE_SIGN_STYLE = Automatic;
				CURRENT_PROJECT_VERSION = 4;
				DEBUG_INFORMATION_FORMAT = "dwarf-with-dsym";
				DEVELOPMENT_ASSET_PATHS = "\"EventApp/Preview Content\"";
				DEVELOPMENT_TEAM = "";
				ENABLE_PREVIEWS = YES;
				INFOPLIST_FILE = "$(SRCROOT)/EventApp/Info.plist";
				IPHONEOS_DEPLOYMENT_TARGET = 13.0;
				LD_RUNPATH_SEARCH_PATHS = (
					"$(inherited)",
					"@executable_path/Frameworks",
				);
				MARKETING_VERSION = 2.0;
				PRODUCT_BUNDLE_IDENTIFIER = "com.tedxtehran.event-Alireza";
				PRODUCT_NAME = "$(TARGET_NAME)";
				PROVISIONING_PROFILE_SPECIFIER = "";
				SWIFT_VERSION = 5.0;
				TARGETED_DEVICE_FAMILY = "1,2";
			};
			name = Debug;
		};
		6DC754EE24DE6BD900F96518 /* Release */ = {
			isa = XCBuildConfiguration;
			baseConfigurationReference = ADE40F42D4450EB907BBCF94 /* Pods-EventApp.release.xcconfig */;
			buildSettings = {
				ALWAYS_EMBED_SWIFT_STANDARD_LIBRARIES = YES;
				ASSETCATALOG_COMPILER_APPICON_NAME = AppIcon;
				CODE_SIGN_ENTITLEMENTS = EventApp/EventApp.entitlements;
				CODE_SIGN_IDENTITY = "Apple Development";
				CODE_SIGN_STYLE = Automatic;
				CURRENT_PROJECT_VERSION = 4;
				DEVELOPMENT_ASSET_PATHS = "\"EventApp/Preview Content\"";
				DEVELOPMENT_TEAM = "";
				ENABLE_PREVIEWS = YES;
				INFOPLIST_FILE = "$(SRCROOT)/EventApp/Info.plist";
				IPHONEOS_DEPLOYMENT_TARGET = 13.0;
				LD_RUNPATH_SEARCH_PATHS = (
					"$(inherited)",
					"@executable_path/Frameworks",
				);
				MARKETING_VERSION = 2.0;
				PRODUCT_BUNDLE_IDENTIFIER = "com.tedxtehran.event-Alireza";
				PRODUCT_NAME = "$(TARGET_NAME)";
				PROVISIONING_PROFILE_SPECIFIER = "";
				SWIFT_VERSION = 5.0;
				TARGETED_DEVICE_FAMILY = "1,2";
			};
			name = Release;
		};
/* End XCBuildConfiguration section */

/* Begin XCConfigurationList section */
		6DC754D024DE6BD600F96518 /* Build configuration list for PBXProject "EventApp" */ = {
			isa = XCConfigurationList;
			buildConfigurations = (
				6DC754EA24DE6BD900F96518 /* Debug */,
				6DC754EB24DE6BD900F96518 /* Release */,
			);
			defaultConfigurationIsVisible = 0;
			defaultConfigurationName = Release;
		};
		6DC754EC24DE6BD900F96518 /* Build configuration list for PBXNativeTarget "EventApp" */ = {
			isa = XCConfigurationList;
			buildConfigurations = (
				6DC754ED24DE6BD900F96518 /* Debug */,
				6DC754EE24DE6BD900F96518 /* Release */,
			);
			defaultConfigurationIsVisible = 0;
			defaultConfigurationName = Release;
		};
/* End XCConfigurationList section */
	};
	rootObject = 6DC754CD24DE6BD600F96518 /* Project object */;
}
